Microsoft Visual Studio Solution File, Format Version 12.00
# Visual Studio 14
VisualStudioVersion = 14.0.24720.0
MinimumVisualStudioVersion = 10.0.40219.1
Project("{2150E333-8FDC-42A3-9474-1A3956D46DE8}") = "docs", "docs", "{A6A6AF7D-D6E3-442D-9B1E-58CC91879BE1}"
	ProjectSection(SolutionItems) = preProject
		Introduction.md = Introduction.md
		Links.md = Links.md
	EndProjectSection
EndProject
Project("{2150E333-8FDC-42A3-9474-1A3956D46DE8}") = "project", "project", "{BF60BC93-E09B-4E5F-9D85-95A519479D54}"
	ProjectSection(SolutionItems) = preProject
		build.fsx = build.fsx
		LICENSE.Dependencies.txt = LICENSE.Dependencies.txt
		LICENSE.txt = LICENSE.txt
		nuget\Period.nuspec = nuget\Period.nuspec
		README.md = README.md
		RELEASE_NOTES.md = RELEASE_NOTES.md
		nuget\Spreads.Core.nuspec = nuget\Spreads.Core.nuspec
		nuget\Spreads.Extensions.nuspec = nuget\Spreads.Extensions.nuspec
		nuget\Spreads.nuspec = nuget\Spreads.nuspec
		nuget\Spreads.RPlugin.nuspec = nuget\Spreads.RPlugin.nuspec
		TODO.md = TODO.md
	EndProjectSection
EndProject
Project("{2150E333-8FDC-42A3-9474-1A3956D46DE8}") = "tools", "tools", "{83F16175-43B1-4C90-A1EE-8E351C33435D}"
	ProjectSection(SolutionItems) = preProject
		docs\tools\generate.fsx = docs\tools\generate.fsx
		docs\tools\templates\template.cshtml = docs\tools\templates\template.cshtml
	EndProjectSection
EndProject
Project("{2150E333-8FDC-42A3-9474-1A3956D46DE8}") = "content", "content", "{8E6D5255-776D-4B61-85F9-73C37AA1FB9A}"
	ProjectSection(SolutionItems) = preProject
		docs\content\index.fsx = docs\content\index.fsx
		docs\content\tutorial.fsx = docs\content\tutorial.fsx
	EndProjectSection
EndProject
Project("{2150E333-8FDC-42A3-9474-1A3956D46DE8}") = "tests", "tests", "{ED8079DD-2B06-4030-9F0F-DC548F98E1C4}"
EndProject
Project("{F2A71F9B-5D33-465A-A702-920D77279786}") = "Spreads.Tests", "tests\Spreads.Tests\Spreads.Tests.fsproj", "{E789C72A-5CFD-436B-8EF1-61AA2852A89F}"
EndProject
Project("{2150E333-8FDC-42A3-9474-1A3956D46DE8}") = ".nuget", ".nuget", "{FA999DEE-2DE1-496B-B3BA-B28619583492}"
	ProjectSection(SolutionItems) = preProject
		.nuget\packages.config = .nuget\packages.config
	EndProjectSection
EndProject
Project("{F2A71F9B-5D33-465A-A702-920D77279786}") = "Spreads.Tests.Profile", "tests\Spreads.Tests.Profile\Spreads.Tests.Profile.fsproj", "{D371BD54-788A-4B9F-83A3-306E1AE62732}"
EndProject
Project("{F2A71F9B-5D33-465A-A702-920D77279786}") = "Spreads.Collections", "src\Spreads.Collections\Spreads.Collections.fsproj", "{ACB0DB12-EB65-46E4-98EA-93E5E8AB20F0}"
EndProject
Project("{FAE04EC0-301F-11D3-BF4B-00C04F79EFBC}") = "Spreads.Tests.CSProfile", "tests\Spreads.Tests.CSProfile\Spreads.Tests.CSProfile.csproj", "{D2A8AD2E-0450-4E23-8488-06F19DF7882D}"
EndProject
Project("{FAE04EC0-301F-11D3-BF4B-00C04F79EFBC}") = "Spreads.Extensions", "src\Spreads.Extensions\Spreads.Extensions.csproj", "{92A26D3B-7D41-4517-B7A4-95CBDD98AD4A}"
EndProject
Project("{FAE04EC0-301F-11D3-BF4B-00C04F79EFBC}") = "Spreads.Extensions.Tests", "tests\Spreads.Extensions.Tests\Spreads.Extensions.Tests.csproj", "{8DA2CA79-D0FD-4BAE-B000-C05D9B5F82D9}"
EndProject
Project("{FAE04EC0-301F-11D3-BF4B-00C04F79EFBC}") = "Spreads.Collections.Tests", "tests\Spreads.Collections.Tests\Spreads.Collections.Tests.csproj", "{D4857397-4D03-4E25-9332-979BF22E9BB2}"
EndProject
Project("{FAE04EC0-301F-11D3-BF4B-00C04F79EFBC}") = "Benchmark", "Benchmark\Benchmark.csproj", "{8960FD17-DCB3-4A7A-9791-54CC86F733A4}"
EndProject
Project("{F2A71F9B-5D33-465A-A702-920D77279786}") = "Spreads", "src\Spreads\Spreads.fsproj", "{6FE2CCF3-03C9-428F-B73B-AA9446747A2E}"
EndProject
Project("{FAE04EC0-301F-11D3-BF4B-00C04F79EFBC}") = "Spreads.Core", "src\Spreads.Core\Spreads.Core.csproj", "{B2798C33-7901-4142-AF96-66FD98EA3AC2}"
EndProject
Project("{FAE04EC0-301F-11D3-BF4B-00C04F79EFBC}") = "Spreads.Core.Tests", "tests\Spreads.Core.Tests\Spreads.Core.Tests.csproj", "{0C1D15D2-D0E7-497B-8C3F-4CA7DE22F0D1}"
EndProject
Project("{FAE04EC0-301F-11D3-BF4B-00C04F79EFBC}") = "TAQParse", "tests\Spreads.TAQParser\TAQParse.csproj", "{EF96ECF7-82EA-48B7-B33D-0BEA4DE58349}"
EndProject
Project("{F2A71F9B-5D33-465A-A702-920D77279786}") = "Spreads.RPlugin", "src\Spreads.RPlugin\Spreads.RPlugin.fsproj", "{52F9B09C-C123-4E2F-ABDE-FBAEE1F8A759}"
EndProject
Global
	GlobalSection(Performance) = preSolution
		HasPerformanceSessions = true
	EndGlobalSection
	GlobalSection(SolutionConfigurationPlatforms) = preSolution
		Debug|Any CPU = Debug|Any CPU
		Debug|x64 = Debug|x64
		Debug|x86 = Debug|x86
		Prerelease|Any CPU = Prerelease|Any CPU
		Prerelease|x64 = Prerelease|x64
		Prerelease|x86 = Prerelease|x86
		Release|Any CPU = Release|Any CPU
		Release|x64 = Release|x64
		Release|x86 = Release|x86
	EndGlobalSection
	GlobalSection(ProjectConfigurationPlatforms) = postSolution
		{E789C72A-5CFD-436B-8EF1-61AA2852A89F}.Debug|Any CPU.ActiveCfg = Debug|Any CPU
		{E789C72A-5CFD-436B-8EF1-61AA2852A89F}.Debug|Any CPU.Build.0 = Debug|Any CPU
		{E789C72A-5CFD-436B-8EF1-61AA2852A89F}.Debug|Any CPU.Deploy.0 = Debug|Any CPU
		{E789C72A-5CFD-436B-8EF1-61AA2852A89F}.Debug|x64.ActiveCfg = Debug|Any CPU
		{E789C72A-5CFD-436B-8EF1-61AA2852A89F}.Debug|x86.ActiveCfg = Debug|Any CPU
		{E789C72A-5CFD-436B-8EF1-61AA2852A89F}.Prerelease|Any CPU.ActiveCfg = Release|Any CPU
		{E789C72A-5CFD-436B-8EF1-61AA2852A89F}.Prerelease|Any CPU.Build.0 = Release|Any CPU
		{E789C72A-5CFD-436B-8EF1-61AA2852A89F}.Prerelease|x64.ActiveCfg = Release|Any CPU
		{E789C72A-5CFD-436B-8EF1-61AA2852A89F}.Prerelease|x64.Build.0 = Release|Any CPU
		{E789C72A-5CFD-436B-8EF1-61AA2852A89F}.Prerelease|x86.ActiveCfg = Release|Any CPU
		{E789C72A-5CFD-436B-8EF1-61AA2852A89F}.Prerelease|x86.Build.0 = Release|Any CPU
		{E789C72A-5CFD-436B-8EF1-61AA2852A89F}.Release|Any CPU.ActiveCfg = Release|Any CPU
		{E789C72A-5CFD-436B-8EF1-61AA2852A89F}.Release|Any CPU.Build.0 = Release|Any CPU
		{E789C72A-5CFD-436B-8EF1-61AA2852A89F}.Release|x64.ActiveCfg = Release|Any CPU
		{E789C72A-5CFD-436B-8EF1-61AA2852A89F}.Release|x86.ActiveCfg = Release|Any CPU
		{D371BD54-788A-4B9F-83A3-306E1AE62732}.Debug|Any CPU.ActiveCfg = Debug|Any CPU
		{D371BD54-788A-4B9F-83A3-306E1AE62732}.Debug|Any CPU.Build.0 = Debug|Any CPU
		{D371BD54-788A-4B9F-83A3-306E1AE62732}.Debug|x64.ActiveCfg = Debug|x64
		{D371BD54-788A-4B9F-83A3-306E1AE62732}.Debug|x64.Build.0 = Debug|x64
		{D371BD54-788A-4B9F-83A3-306E1AE62732}.Debug|x86.ActiveCfg = Debug|Any CPU
		{D371BD54-788A-4B9F-83A3-306E1AE62732}.Prerelease|Any CPU.ActiveCfg = Release|Any CPU
		{D371BD54-788A-4B9F-83A3-306E1AE62732}.Prerelease|Any CPU.Build.0 = Release|Any CPU
		{D371BD54-788A-4B9F-83A3-306E1AE62732}.Prerelease|x64.ActiveCfg = Release|x64
		{D371BD54-788A-4B9F-83A3-306E1AE62732}.Prerelease|x64.Build.0 = Release|x64
		{D371BD54-788A-4B9F-83A3-306E1AE62732}.Prerelease|x86.ActiveCfg = Release|x86
		{D371BD54-788A-4B9F-83A3-306E1AE62732}.Prerelease|x86.Build.0 = Release|x86
		{D371BD54-788A-4B9F-83A3-306E1AE62732}.Release|Any CPU.ActiveCfg = Release|x64
		{D371BD54-788A-4B9F-83A3-306E1AE62732}.Release|Any CPU.Build.0 = Release|x64
		{D371BD54-788A-4B9F-83A3-306E1AE62732}.Release|x64.ActiveCfg = Release|x64
		{D371BD54-788A-4B9F-83A3-306E1AE62732}.Release|x64.Build.0 = Release|x64
		{D371BD54-788A-4B9F-83A3-306E1AE62732}.Release|x86.ActiveCfg = Release|Any CPU
		{ACB0DB12-EB65-46E4-98EA-93E5E8AB20F0}.Debug|Any CPU.ActiveCfg = Debug|Any CPU
		{ACB0DB12-EB65-46E4-98EA-93E5E8AB20F0}.Debug|Any CPU.Build.0 = Debug|Any CPU
		{ACB0DB12-EB65-46E4-98EA-93E5E8AB20F0}.Debug|x64.ActiveCfg = Debug|Any CPU
		{ACB0DB12-EB65-46E4-98EA-93E5E8AB20F0}.Debug|x64.Build.0 = Debug|Any CPU
		{ACB0DB12-EB65-46E4-98EA-93E5E8AB20F0}.Debug|x86.ActiveCfg = Debug|Any CPU
		{ACB0DB12-EB65-46E4-98EA-93E5E8AB20F0}.Debug|x86.Build.0 = Debug|Any CPU
		{ACB0DB12-EB65-46E4-98EA-93E5E8AB20F0}.Prerelease|Any CPU.ActiveCfg = Release|Any CPU
		{ACB0DB12-EB65-46E4-98EA-93E5E8AB20F0}.Prerelease|Any CPU.Build.0 = Release|Any CPU
		{ACB0DB12-EB65-46E4-98EA-93E5E8AB20F0}.Prerelease|x64.ActiveCfg = Release|Any CPU
		{ACB0DB12-EB65-46E4-98EA-93E5E8AB20F0}.Prerelease|x64.Build.0 = Release|Any CPU
		{ACB0DB12-EB65-46E4-98EA-93E5E8AB20F0}.Prerelease|x86.ActiveCfg = Release|Any CPU
		{ACB0DB12-EB65-46E4-98EA-93E5E8AB20F0}.Prerelease|x86.Build.0 = Release|Any CPU
		{ACB0DB12-EB65-46E4-98EA-93E5E8AB20F0}.Release|Any CPU.ActiveCfg = Release|Any CPU
		{ACB0DB12-EB65-46E4-98EA-93E5E8AB20F0}.Release|Any CPU.Build.0 = Release|Any CPU
		{ACB0DB12-EB65-46E4-98EA-93E5E8AB20F0}.Release|x64.ActiveCfg = Release|Any CPU
		{ACB0DB12-EB65-46E4-98EA-93E5E8AB20F0}.Release|x64.Build.0 = Release|Any CPU
		{ACB0DB12-EB65-46E4-98EA-93E5E8AB20F0}.Release|x86.ActiveCfg = Release|Any CPU
		{ACB0DB12-EB65-46E4-98EA-93E5E8AB20F0}.Release|x86.Build.0 = Release|Any CPU
		{D2A8AD2E-0450-4E23-8488-06F19DF7882D}.Debug|Any CPU.ActiveCfg = Debug|Any CPU
		{D2A8AD2E-0450-4E23-8488-06F19DF7882D}.Debug|Any CPU.Build.0 = Debug|Any CPU
		{D2A8AD2E-0450-4E23-8488-06F19DF7882D}.Debug|x64.ActiveCfg = Debug|Any CPU
		{D2A8AD2E-0450-4E23-8488-06F19DF7882D}.Debug|x64.Build.0 = Debug|Any CPU
		{D2A8AD2E-0450-4E23-8488-06F19DF7882D}.Debug|x86.ActiveCfg = Debug|Any CPU
		{D2A8AD2E-0450-4E23-8488-06F19DF7882D}.Debug|x86.Build.0 = Debug|Any CPU
		{D2A8AD2E-0450-4E23-8488-06F19DF7882D}.Prerelease|Any CPU.ActiveCfg = Release|Any CPU
		{D2A8AD2E-0450-4E23-8488-06F19DF7882D}.Prerelease|Any CPU.Build.0 = Release|Any CPU
		{D2A8AD2E-0450-4E23-8488-06F19DF7882D}.Prerelease|x64.ActiveCfg = Release|x64
		{D2A8AD2E-0450-4E23-8488-06F19DF7882D}.Prerelease|x64.Build.0 = Release|x64
		{D2A8AD2E-0450-4E23-8488-06F19DF7882D}.Prerelease|x86.ActiveCfg = Release|Any CPU
		{D2A8AD2E-0450-4E23-8488-06F19DF7882D}.Prerelease|x86.Build.0 = Release|Any CPU
		{D2A8AD2E-0450-4E23-8488-06F19DF7882D}.Release|Any CPU.ActiveCfg = Release|Any CPU
		{D2A8AD2E-0450-4E23-8488-06F19DF7882D}.Release|x64.ActiveCfg = Release|Any CPU
		{D2A8AD2E-0450-4E23-8488-06F19DF7882D}.Release|x64.Build.0 = Release|Any CPU
		{D2A8AD2E-0450-4E23-8488-06F19DF7882D}.Release|x86.ActiveCfg = Release|Any CPU
		{D2A8AD2E-0450-4E23-8488-06F19DF7882D}.Release|x86.Build.0 = Release|Any CPU
		{92A26D3B-7D41-4517-B7A4-95CBDD98AD4A}.Debug|Any CPU.ActiveCfg = Debug|Any CPU
		{92A26D3B-7D41-4517-B7A4-95CBDD98AD4A}.Debug|Any CPU.Build.0 = Debug|Any CPU
		{92A26D3B-7D41-4517-B7A4-95CBDD98AD4A}.Debug|x64.ActiveCfg = Debug|Any CPU
		{92A26D3B-7D41-4517-B7A4-95CBDD98AD4A}.Debug|x64.Build.0 = Debug|Any CPU
		{92A26D3B-7D41-4517-B7A4-95CBDD98AD4A}.Debug|x86.ActiveCfg = Debug|Any CPU
		{92A26D3B-7D41-4517-B7A4-95CBDD98AD4A}.Debug|x86.Build.0 = Debug|Any CPU
		{92A26D3B-7D41-4517-B7A4-95CBDD98AD4A}.Prerelease|Any CPU.ActiveCfg = Release|Any CPU
		{92A26D3B-7D41-4517-B7A4-95CBDD98AD4A}.Prerelease|Any CPU.Build.0 = Release|Any CPU
		{92A26D3B-7D41-4517-B7A4-95CBDD98AD4A}.Prerelease|x64.ActiveCfg = Release|Any CPU
		{92A26D3B-7D41-4517-B7A4-95CBDD98AD4A}.Prerelease|x64.Build.0 = Release|Any CPU
		{92A26D3B-7D41-4517-B7A4-95CBDD98AD4A}.Prerelease|x86.ActiveCfg = Release|Any CPU
		{92A26D3B-7D41-4517-B7A4-95CBDD98AD4A}.Prerelease|x86.Build.0 = Release|Any CPU
		{92A26D3B-7D41-4517-B7A4-95CBDD98AD4A}.Release|Any CPU.ActiveCfg = Release|Any CPU
		{92A26D3B-7D41-4517-B7A4-95CBDD98AD4A}.Release|Any CPU.Build.0 = Release|Any CPU
		{92A26D3B-7D41-4517-B7A4-95CBDD98AD4A}.Release|x64.ActiveCfg = Release|Any CPU
		{92A26D3B-7D41-4517-B7A4-95CBDD98AD4A}.Release|x64.Build.0 = Release|Any CPU
		{92A26D3B-7D41-4517-B7A4-95CBDD98AD4A}.Release|x86.ActiveCfg = Release|Any CPU
		{92A26D3B-7D41-4517-B7A4-95CBDD98AD4A}.Release|x86.Build.0 = Release|Any CPU
		{8DA2CA79-D0FD-4BAE-B000-C05D9B5F82D9}.Debug|Any CPU.ActiveCfg = Debug|Any CPU
		{8DA2CA79-D0FD-4BAE-B000-C05D9B5F82D9}.Debug|Any CPU.Build.0 = Debug|Any CPU
		{8DA2CA79-D0FD-4BAE-B000-C05D9B5F82D9}.Debug|x64.ActiveCfg = Debug|Any CPU
		{8DA2CA79-D0FD-4BAE-B000-C05D9B5F82D9}.Debug|x64.Build.0 = Debug|Any CPU
		{8DA2CA79-D0FD-4BAE-B000-C05D9B5F82D9}.Debug|x86.ActiveCfg = Debug|Any CPU
		{8DA2CA79-D0FD-4BAE-B000-C05D9B5F82D9}.Debug|x86.Build.0 = Debug|Any CPU
		{8DA2CA79-D0FD-4BAE-B000-C05D9B5F82D9}.Prerelease|Any CPU.ActiveCfg = Release|Any CPU
		{8DA2CA79-D0FD-4BAE-B000-C05D9B5F82D9}.Prerelease|Any CPU.Build.0 = Release|Any CPU
		{8DA2CA79-D0FD-4BAE-B000-C05D9B5F82D9}.Prerelease|x64.ActiveCfg = Release|Any CPU
		{8DA2CA79-D0FD-4BAE-B000-C05D9B5F82D9}.Prerelease|x64.Build.0 = Release|Any CPU
		{8DA2CA79-D0FD-4BAE-B000-C05D9B5F82D9}.Prerelease|x86.ActiveCfg = Release|Any CPU
		{8DA2CA79-D0FD-4BAE-B000-C05D9B5F82D9}.Prerelease|x86.Build.0 = Release|Any CPU
		{8DA2CA79-D0FD-4BAE-B000-C05D9B5F82D9}.Release|Any CPU.ActiveCfg = Release|Any CPU
		{8DA2CA79-D0FD-4BAE-B000-C05D9B5F82D9}.Release|Any CPU.Build.0 = Release|Any CPU
		{8DA2CA79-D0FD-4BAE-B000-C05D9B5F82D9}.Release|x64.ActiveCfg = Release|Any CPU
		{8DA2CA79-D0FD-4BAE-B000-C05D9B5F82D9}.Release|x64.Build.0 = Release|Any CPU
		{8DA2CA79-D0FD-4BAE-B000-C05D9B5F82D9}.Release|x86.ActiveCfg = Release|Any CPU
		{8DA2CA79-D0FD-4BAE-B000-C05D9B5F82D9}.Release|x86.Build.0 = Release|Any CPU
		{D4857397-4D03-4E25-9332-979BF22E9BB2}.Debug|Any CPU.ActiveCfg = Debug|Any CPU
		{D4857397-4D03-4E25-9332-979BF22E9BB2}.Debug|Any CPU.Build.0 = Debug|Any CPU
		{D4857397-4D03-4E25-9332-979BF22E9BB2}.Debug|x64.ActiveCfg = Debug|Any CPU
		{D4857397-4D03-4E25-9332-979BF22E9BB2}.Debug|x64.Build.0 = Debug|Any CPU
		{D4857397-4D03-4E25-9332-979BF22E9BB2}.Debug|x86.ActiveCfg = Debug|Any CPU
		{D4857397-4D03-4E25-9332-979BF22E9BB2}.Debug|x86.Build.0 = Debug|Any CPU
		{D4857397-4D03-4E25-9332-979BF22E9BB2}.Prerelease|Any CPU.ActiveCfg = Release|Any CPU
		{D4857397-4D03-4E25-9332-979BF22E9BB2}.Prerelease|Any CPU.Build.0 = Release|Any CPU
		{D4857397-4D03-4E25-9332-979BF22E9BB2}.Prerelease|x64.ActiveCfg = Release|x64
		{D4857397-4D03-4E25-9332-979BF22E9BB2}.Prerelease|x64.Build.0 = Release|x64
		{D4857397-4D03-4E25-9332-979BF22E9BB2}.Prerelease|x86.ActiveCfg = Release|Any CPU
		{D4857397-4D03-4E25-9332-979BF22E9BB2}.Prerelease|x86.Build.0 = Release|Any CPU
		{D4857397-4D03-4E25-9332-979BF22E9BB2}.Release|Any CPU.ActiveCfg = Release|Any CPU
		{D4857397-4D03-4E25-9332-979BF22E9BB2}.Release|Any CPU.Build.0 = Release|Any CPU
		{D4857397-4D03-4E25-9332-979BF22E9BB2}.Release|x64.ActiveCfg = Release|Any CPU
		{D4857397-4D03-4E25-9332-979BF22E9BB2}.Release|x64.Build.0 = Release|Any CPU
		{D4857397-4D03-4E25-9332-979BF22E9BB2}.Release|x86.ActiveCfg = Release|Any CPU
		{D4857397-4D03-4E25-9332-979BF22E9BB2}.Release|x86.Build.0 = Release|Any CPU
		{8960FD17-DCB3-4A7A-9791-54CC86F733A4}.Debug|Any CPU.ActiveCfg = Debug|Any CPU
		{8960FD17-DCB3-4A7A-9791-54CC86F733A4}.Debug|Any CPU.Build.0 = Debug|Any CPU
		{8960FD17-DCB3-4A7A-9791-54CC86F733A4}.Debug|x64.ActiveCfg = Debug|Any CPU
		{8960FD17-DCB3-4A7A-9791-54CC86F733A4}.Debug|x64.Build.0 = Debug|Any CPU
		{8960FD17-DCB3-4A7A-9791-54CC86F733A4}.Debug|x86.ActiveCfg = Debug|Any CPU
		{8960FD17-DCB3-4A7A-9791-54CC86F733A4}.Debug|x86.Build.0 = Debug|Any CPU
		{8960FD17-DCB3-4A7A-9791-54CC86F733A4}.Prerelease|Any CPU.ActiveCfg = Release|Any CPU
		{8960FD17-DCB3-4A7A-9791-54CC86F733A4}.Prerelease|Any CPU.Build.0 = Release|Any CPU
		{8960FD17-DCB3-4A7A-9791-54CC86F733A4}.Prerelease|x64.ActiveCfg = Release|Any CPU
		{8960FD17-DCB3-4A7A-9791-54CC86F733A4}.Prerelease|x64.Build.0 = Release|Any CPU
		{8960FD17-DCB3-4A7A-9791-54CC86F733A4}.Prerelease|x86.ActiveCfg = Release|Any CPU
		{8960FD17-DCB3-4A7A-9791-54CC86F733A4}.Prerelease|x86.Build.0 = Release|Any CPU
		{8960FD17-DCB3-4A7A-9791-54CC86F733A4}.Release|Any CPU.ActiveCfg = Release|Any CPU
		{8960FD17-DCB3-4A7A-9791-54CC86F733A4}.Release|Any CPU.Build.0 = Release|Any CPU
		{8960FD17-DCB3-4A7A-9791-54CC86F733A4}.Release|x64.ActiveCfg = Release|Any CPU
		{8960FD17-DCB3-4A7A-9791-54CC86F733A4}.Release|x64.Build.0 = Release|Any CPU
		{8960FD17-DCB3-4A7A-9791-54CC86F733A4}.Release|x86.ActiveCfg = Release|Any CPU
		{8960FD17-DCB3-4A7A-9791-54CC86F733A4}.Release|x86.Build.0 = Release|Any CPU
		{6FE2CCF3-03C9-428F-B73B-AA9446747A2E}.Debug|Any CPU.ActiveCfg = Debug|Any CPU
		{6FE2CCF3-03C9-428F-B73B-AA9446747A2E}.Debug|Any CPU.Build.0 = Debug|Any CPU
		{6FE2CCF3-03C9-428F-B73B-AA9446747A2E}.Debug|x64.ActiveCfg = Debug|Any CPU
		{6FE2CCF3-03C9-428F-B73B-AA9446747A2E}.Debug|x64.Build.0 = Debug|Any CPU
		{6FE2CCF3-03C9-428F-B73B-AA9446747A2E}.Debug|x86.ActiveCfg = Debug|Any CPU
		{6FE2CCF3-03C9-428F-B73B-AA9446747A2E}.Debug|x86.Build.0 = Debug|Any CPU
		{6FE2CCF3-03C9-428F-B73B-AA9446747A2E}.Prerelease|Any CPU.ActiveCfg = Release|Any CPU
		{6FE2CCF3-03C9-428F-B73B-AA9446747A2E}.Prerelease|Any CPU.Build.0 = Release|Any CPU
		{6FE2CCF3-03C9-428F-B73B-AA9446747A2E}.Prerelease|x64.ActiveCfg = Release|Any CPU
		{6FE2CCF3-03C9-428F-B73B-AA9446747A2E}.Prerelease|x64.Build.0 = Release|Any CPU
		{6FE2CCF3-03C9-428F-B73B-AA9446747A2E}.Prerelease|x86.ActiveCfg = Release|Any CPU
		{6FE2CCF3-03C9-428F-B73B-AA9446747A2E}.Prerelease|x86.Build.0 = Release|Any CPU
		{6FE2CCF3-03C9-428F-B73B-AA9446747A2E}.Release|Any CPU.ActiveCfg = Release|Any CPU
		{6FE2CCF3-03C9-428F-B73B-AA9446747A2E}.Release|Any CPU.Build.0 = Release|Any CPU
		{6FE2CCF3-03C9-428F-B73B-AA9446747A2E}.Release|x64.ActiveCfg = Release|Any CPU
		{6FE2CCF3-03C9-428F-B73B-AA9446747A2E}.Release|x64.Build.0 = Release|Any CPU
		{6FE2CCF3-03C9-428F-B73B-AA9446747A2E}.Release|x86.ActiveCfg = Release|Any CPU
		{6FE2CCF3-03C9-428F-B73B-AA9446747A2E}.Release|x86.Build.0 = Release|Any CPU
		{B2798C33-7901-4142-AF96-66FD98EA3AC2}.Debug|Any CPU.ActiveCfg = Debug|Any CPU
		{B2798C33-7901-4142-AF96-66FD98EA3AC2}.Debug|Any CPU.Build.0 = Debug|Any CPU
		{B2798C33-7901-4142-AF96-66FD98EA3AC2}.Debug|x64.ActiveCfg = Debug|Any CPU
		{B2798C33-7901-4142-AF96-66FD98EA3AC2}.Debug|x64.Build.0 = Debug|Any CPU
		{B2798C33-7901-4142-AF96-66FD98EA3AC2}.Debug|x86.ActiveCfg = Debug|Any CPU
		{B2798C33-7901-4142-AF96-66FD98EA3AC2}.Debug|x86.Build.0 = Debug|Any CPU
		{B2798C33-7901-4142-AF96-66FD98EA3AC2}.Prerelease|Any CPU.ActiveCfg = Release|Any CPU
		{B2798C33-7901-4142-AF96-66FD98EA3AC2}.Prerelease|Any CPU.Build.0 = Release|Any CPU
		{B2798C33-7901-4142-AF96-66FD98EA3AC2}.Prerelease|x64.ActiveCfg = Release|Any CPU
		{B2798C33-7901-4142-AF96-66FD98EA3AC2}.Prerelease|x64.Build.0 = Release|Any CPU
		{B2798C33-7901-4142-AF96-66FD98EA3AC2}.Prerelease|x86.ActiveCfg = Release|Any CPU
		{B2798C33-7901-4142-AF96-66FD98EA3AC2}.Prerelease|x86.Build.0 = Release|Any CPU
		{B2798C33-7901-4142-AF96-66FD98EA3AC2}.Release|Any CPU.ActiveCfg = Release|Any CPU
		{B2798C33-7901-4142-AF96-66FD98EA3AC2}.Release|Any CPU.Build.0 = Release|Any CPU
		{B2798C33-7901-4142-AF96-66FD98EA3AC2}.Release|x64.ActiveCfg = Release|Any CPU
		{B2798C33-7901-4142-AF96-66FD98EA3AC2}.Release|x64.Build.0 = Release|Any CPU
		{B2798C33-7901-4142-AF96-66FD98EA3AC2}.Release|x86.ActiveCfg = Release|Any CPU
		{B2798C33-7901-4142-AF96-66FD98EA3AC2}.Release|x86.Build.0 = Release|Any CPU
		{0C1D15D2-D0E7-497B-8C3F-4CA7DE22F0D1}.Debug|Any CPU.ActiveCfg = Debug|Any CPU
		{0C1D15D2-D0E7-497B-8C3F-4CA7DE22F0D1}.Debug|Any CPU.Build.0 = Debug|Any CPU
		{0C1D15D2-D0E7-497B-8C3F-4CA7DE22F0D1}.Debug|x64.ActiveCfg = Debug|Any CPU
		{0C1D15D2-D0E7-497B-8C3F-4CA7DE22F0D1}.Debug|x64.Build.0 = Debug|Any CPU
		{0C1D15D2-D0E7-497B-8C3F-4CA7DE22F0D1}.Debug|x86.ActiveCfg = Debug|Any CPU
		{0C1D15D2-D0E7-497B-8C3F-4CA7DE22F0D1}.Debug|x86.Build.0 = Debug|Any CPU
		{0C1D15D2-D0E7-497B-8C3F-4CA7DE22F0D1}.Prerelease|Any CPU.ActiveCfg = Release|Any CPU
		{0C1D15D2-D0E7-497B-8C3F-4CA7DE22F0D1}.Prerelease|Any CPU.Build.0 = Release|Any CPU
		{0C1D15D2-D0E7-497B-8C3F-4CA7DE22F0D1}.Prerelease|x64.ActiveCfg = Release|x64
		{0C1D15D2-D0E7-497B-8C3F-4CA7DE22F0D1}.Prerelease|x64.Build.0 = Release|x64
		{0C1D15D2-D0E7-497B-8C3F-4CA7DE22F0D1}.Prerelease|x86.ActiveCfg = Release|Any CPU
		{0C1D15D2-D0E7-497B-8C3F-4CA7DE22F0D1}.Prerelease|x86.Build.0 = Release|Any CPU
		{0C1D15D2-D0E7-497B-8C3F-4CA7DE22F0D1}.Release|Any CPU.ActiveCfg = Release|x64
		{0C1D15D2-D0E7-497B-8C3F-4CA7DE22F0D1}.Release|Any CPU.Build.0 = Release|x64
		{0C1D15D2-D0E7-497B-8C3F-4CA7DE22F0D1}.Release|x64.ActiveCfg = Release|Any CPU
		{0C1D15D2-D0E7-497B-8C3F-4CA7DE22F0D1}.Release|x64.Build.0 = Release|Any CPU
		{0C1D15D2-D0E7-497B-8C3F-4CA7DE22F0D1}.Release|x86.ActiveCfg = Release|Any CPU
		{0C1D15D2-D0E7-497B-8C3F-4CA7DE22F0D1}.Release|x86.Build.0 = Release|Any CPU
		{EF96ECF7-82EA-48B7-B33D-0BEA4DE58349}.Debug|Any CPU.ActiveCfg = Debug|Any CPU
		{EF96ECF7-82EA-48B7-B33D-0BEA4DE58349}.Debug|Any CPU.Build.0 = Debug|Any CPU
		{EF96ECF7-82EA-48B7-B33D-0BEA4DE58349}.Debug|x64.ActiveCfg = Debug|Any CPU
		{EF96ECF7-82EA-48B7-B33D-0BEA4DE58349}.Debug|x64.Build.0 = Debug|Any CPU
		{EF96ECF7-82EA-48B7-B33D-0BEA4DE58349}.Debug|x86.ActiveCfg = Debug|Any CPU
		{EF96ECF7-82EA-48B7-B33D-0BEA4DE58349}.Debug|x86.Build.0 = Debug|Any CPU
		{EF96ECF7-82EA-48B7-B33D-0BEA4DE58349}.Prerelease|Any CPU.ActiveCfg = Release|Any CPU
		{EF96ECF7-82EA-48B7-B33D-0BEA4DE58349}.Prerelease|Any CPU.Build.0 = Release|Any CPU
		{EF96ECF7-82EA-48B7-B33D-0BEA4DE58349}.Prerelease|x64.ActiveCfg = Debug|x64
		{EF96ECF7-82EA-48B7-B33D-0BEA4DE58349}.Prerelease|x64.Build.0 = Debug|x64
		{EF96ECF7-82EA-48B7-B33D-0BEA4DE58349}.Prerelease|x86.ActiveCfg = Release|Any CPU
		{EF96ECF7-82EA-48B7-B33D-0BEA4DE58349}.Prerelease|x86.Build.0 = Release|Any CPU
		{EF96ECF7-82EA-48B7-B33D-0BEA4DE58349}.Release|Any CPU.ActiveCfg = Release|x64
		{EF96ECF7-82EA-48B7-B33D-0BEA4DE58349}.Release|Any CPU.Build.0 = Release|x64
		{EF96ECF7-82EA-48B7-B33D-0BEA4DE58349}.Release|x64.ActiveCfg = Release|Any CPU
		{EF96ECF7-82EA-48B7-B33D-0BEA4DE58349}.Release|x64.Build.0 = Release|Any CPU
		{EF96ECF7-82EA-48B7-B33D-0BEA4DE58349}.Release|x86.ActiveCfg = Release|Any CPU
		{EF96ECF7-82EA-48B7-B33D-0BEA4DE58349}.Release|x86.Build.0 = Release|Any CPU
		{52F9B09C-C123-4E2F-ABDE-FBAEE1F8A759}.Debug|Any CPU.ActiveCfg = Debug|Any CPU
		{52F9B09C-C123-4E2F-ABDE-FBAEE1F8A759}.Debug|Any CPU.Build.0 = Debug|Any CPU
		{52F9B09C-C123-4E2F-ABDE-FBAEE1F8A759}.Debug|x64.ActiveCfg = Debug|Any CPU
		{52F9B09C-C123-4E2F-ABDE-FBAEE1F8A759}.Debug|x64.Build.0 = Debug|Any CPU
		{52F9B09C-C123-4E2F-ABDE-FBAEE1F8A759}.Debug|x86.ActiveCfg = Debug|Any CPU
		{52F9B09C-C123-4E2F-ABDE-FBAEE1F8A759}.Debug|x86.Build.0 = Debug|Any CPU
		{52F9B09C-C123-4E2F-ABDE-FBAEE1F8A759}.Prerelease|Any CPU.ActiveCfg = Release|Any CPU
		{52F9B09C-C123-4E2F-ABDE-FBAEE1F8A759}.Prerelease|Any CPU.Build.0 = Release|Any CPU
		{52F9B09C-C123-4E2F-ABDE-FBAEE1F8A759}.Prerelease|x64.ActiveCfg = Release|Any CPU
		{52F9B09C-C123-4E2F-ABDE-FBAEE1F8A759}.Prerelease|x64.Build.0 = Release|Any CPU
		{52F9B09C-C123-4E2F-ABDE-FBAEE1F8A759}.Prerelease|x86.ActiveCfg = Release|Any CPU
		{52F9B09C-C123-4E2F-ABDE-FBAEE1F8A759}.Prerelease|x86.Build.0 = Release|Any CPU
		{52F9B09C-C123-4E2F-ABDE-FBAEE1F8A759}.Release|Any CPU.ActiveCfg = Release|Any CPU
		{52F9B09C-C123-4E2F-ABDE-FBAEE1F8A759}.Release|Any CPU.Build.0 = Release|Any CPU
		{52F9B09C-C123-4E2F-ABDE-FBAEE1F8A759}.Release|x64.ActiveCfg = Release|Any CPU
		{52F9B09C-C123-4E2F-ABDE-FBAEE1F8A759}.Release|x64.Build.0 = Release|Any CPU
		{52F9B09C-C123-4E2F-ABDE-FBAEE1F8A759}.Release|x86.ActiveCfg = Release|Any CPU
		{52F9B09C-C123-4E2F-ABDE-FBAEE1F8A759}.Release|x86.Build.0 = Release|Any CPU
	EndGlobalSection
	GlobalSection(SolutionProperties) = preSolution
		HideSolutionNode = FALSE
	EndGlobalSection
	GlobalSection(NestedProjects) = preSolution
		{83F16175-43B1-4C90-A1EE-8E351C33435D} = {A6A6AF7D-D6E3-442D-9B1E-58CC91879BE1}
		{8E6D5255-776D-4B61-85F9-73C37AA1FB9A} = {A6A6AF7D-D6E3-442D-9B1E-58CC91879BE1}
		{E789C72A-5CFD-436B-8EF1-61AA2852A89F} = {ED8079DD-2B06-4030-9F0F-DC548F98E1C4}
		{D371BD54-788A-4B9F-83A3-306E1AE62732} = {ED8079DD-2B06-4030-9F0F-DC548F98E1C4}
		{D2A8AD2E-0450-4E23-8488-06F19DF7882D} = {ED8079DD-2B06-4030-9F0F-DC548F98E1C4}
		{8DA2CA79-D0FD-4BAE-B000-C05D9B5F82D9} = {ED8079DD-2B06-4030-9F0F-DC548F98E1C4}
		{D4857397-4D03-4E25-9332-979BF22E9BB2} = {ED8079DD-2B06-4030-9F0F-DC548F98E1C4}
		{8960FD17-DCB3-4A7A-9791-54CC86F733A4} = {ED8079DD-2B06-4030-9F0F-DC548F98E1C4}
		{0C1D15D2-D0E7-497B-8C3F-4CA7DE22F0D1} = {ED8079DD-2B06-4030-9F0F-DC548F98E1C4}
		{EF96ECF7-82EA-48B7-B33D-0BEA4DE58349} = {ED8079DD-2B06-4030-9F0F-DC548F98E1C4}
	EndGlobalSection
EndGlobal
