
Microsoft Visual Studio Solution File, Format Version 12.00
# Visual Studio 15
VisualStudioVersion = 15.0.27110.0
MinimumVisualStudioVersion = 10.0.40219.1
Project("{2150E333-8FDC-42A3-9474-1A3956D46DE8}") = "docs", "docs", "{A6A6AF7D-D6E3-442D-9B1E-58CC91879BE1}"
	ProjectSection(SolutionItems) = preProject
		docs\Comments.md = docs\Comments.md
	EndProjectSection
EndProject
Project("{2150E333-8FDC-42A3-9474-1A3956D46DE8}") = "project", "project", "{BF60BC93-E09B-4E5F-9D85-95A519479D54}"
	ProjectSection(SolutionItems) = preProject
		.travis.yml = .travis.yml
		appveyor.yml = appveyor.yml
		azure-pipelines.yml = azure-pipelines.yml
		build.cmd = build.cmd
		build.sh = build.sh
		build\common.props = build\common.props
		LICENSE.Dependencies.txt = LICENSE.Dependencies.txt
		LICENSE.txt = LICENSE.txt
		NuGet.config = NuGet.config
		README.md = README.md
		RELEASE_NOTES.md = RELEASE_NOTES.md
		tools\Spreads.Unsafe\Spreads.Unsafe.il = tools\Spreads.Unsafe\Spreads.Unsafe.il
	EndProjectSection
EndProject
Project("{2150E333-8FDC-42A3-9474-1A3956D46DE8}") = "tests", "tests", "{ED8079DD-2B06-4030-9F0F-DC548F98E1C4}"
EndProject
Project("{2150E333-8FDC-42A3-9474-1A3956D46DE8}") = ".nuget", ".nuget", "{FA999DEE-2DE1-496B-B3BA-B28619583492}"
	ProjectSection(SolutionItems) = preProject
		.nuget\packages.config = .nuget\packages.config
	EndProjectSection
EndProject
Project("{FAE04EC0-301F-11D3-BF4B-00C04F79EFBC}") = "Spreads.Tests.CSProfile", "tests\Spreads.Tests.CSProfile\Spreads.Tests.CSProfile.csproj", "{D2A8AD2E-0450-4E23-8488-06F19DF7882D}"
EndProject
Project("{9A19103F-16F7-4668-BE54-9A1E7A4F7556}") = "Spreads.Collections.Tests", "tests\Spreads.Collections.Tests\Spreads.Collections.Tests.csproj", "{D4857397-4D03-4E25-9332-979BF22E9BB2}"
EndProject
Project("{FAE04EC0-301F-11D3-BF4B-00C04F79EFBC}") = "TAQParse", "tests\Spreads.TAQParser\TAQParse.csproj", "{EF96ECF7-82EA-48B7-B33D-0BEA4DE58349}"
EndProject
Project("{9A19103F-16F7-4668-BE54-9A1E7A4F7556}") = "Spreads", "src\Spreads\Spreads.csproj", "{70445300-4409-447E-B1AC-10FA148B9DD0}"
EndProject
Project("{9A19103F-16F7-4668-BE54-9A1E7A4F7556}") = "Spreads.Core", "src\Spreads.Core\Spreads.Core.csproj", "{68A4EE77-DDF3-4E83-89C4-4473322D8006}"
EndProject
Project("{9A19103F-16F7-4668-BE54-9A1E7A4F7556}") = "Spreads.Core.xUnit", "tests\Spreads.Core.xUnit\Spreads.Core.xUnit.csproj", "{38FB420F-6C01-48AB-BC34-ECA5FC11EE61}"
EndProject
Project("{9A19103F-16F7-4668-BE54-9A1E7A4F7556}") = "Spreads.Core.Tests", "tests\Spreads.Core.Tests\Spreads.Core.Tests.csproj", "{0C1D15D2-D0E7-497B-8C3F-4CA7DE22F0D1}"
EndProject
Project("{9A19103F-16F7-4668-BE54-9A1E7A4F7556}") = "Spreads.Core.Run", "tests\Spreads.Core.Run\Spreads.Core.Run.csproj", "{C221D713-EB19-4B00-A71B-E94BE05554E4}"
EndProject
Project("{2150E333-8FDC-42A3-9474-1A3956D46DE8}") = "tools", "tools", "{4FA14F38-8CC5-4649-855E-ECB3C0794560}"
	ProjectSection(SolutionItems) = preProject
		tools\re_write_il.cmd = tools\re_write_il.cmd
	EndProjectSection
EndProject
Project("{FAE04EC0-301F-11D3-BF4B-00C04F79EFBC}") = "ILSub", "tools\ILSub\ILSub.csproj", "{8789497B-B5A9-4371-A4F4-1AB50B070E1B}"
EndProject
Project("{6EC3EE1D-3C4E-46DD-8F32-0CC8E7565705}") = "Spreads.Collections", "src\Spreads.Collections\Spreads.Collections.fsproj", "{14245B4D-477D-4B37-8AA2-0CC2E49A54CD}"
EndProject
Project("{6EC3EE1D-3C4E-46DD-8F32-0CC8E7565705}") = "Spreads.Collections.Deedle.Tests", "tests\Spreads.Collections.Deedle.Tests\Spreads.Collections.Deedle.Tests.fsproj", "{AF72A63A-67B4-4975-81B3-6C9407AC8B3A}"
EndProject
Project("{E53339B2-1760-4266-BCC7-CA923CBCF16C}") = "docker-compose", "docker-compose.dcproj", "{4082C087-A86C-4DFD-99C8-CEFA98C71FEA}"
EndProject
Global
	GlobalSection(SolutionConfigurationPlatforms) = preSolution
		Debug|Any CPU = Debug|Any CPU
		Debug|x64 = Debug|x64
		Debug|x86 = Debug|x86
		Release|Any CPU = Release|Any CPU
		Release|x64 = Release|x64
		Release|x86 = Release|x86
	EndGlobalSection
	GlobalSection(ProjectConfigurationPlatforms) = postSolution
		{D2A8AD2E-0450-4E23-8488-06F19DF7882D}.Debug|Any CPU.ActiveCfg = Debug|Any CPU
		{D2A8AD2E-0450-4E23-8488-06F19DF7882D}.Debug|Any CPU.Build.0 = Debug|Any CPU
		{D2A8AD2E-0450-4E23-8488-06F19DF7882D}.Debug|x64.ActiveCfg = Debug|Any CPU
		{D2A8AD2E-0450-4E23-8488-06F19DF7882D}.Debug|x64.Build.0 = Debug|Any CPU
		{D2A8AD2E-0450-4E23-8488-06F19DF7882D}.Debug|x86.ActiveCfg = Debug|Any CPU
		{D2A8AD2E-0450-4E23-8488-06F19DF7882D}.Debug|x86.Build.0 = Debug|Any CPU
		{D2A8AD2E-0450-4E23-8488-06F19DF7882D}.Release|Any CPU.ActiveCfg = Release|x64
		{D2A8AD2E-0450-4E23-8488-06F19DF7882D}.Release|x64.ActiveCfg = Release|Any CPU
		{D2A8AD2E-0450-4E23-8488-06F19DF7882D}.Release|x64.Build.0 = Release|Any CPU
		{D2A8AD2E-0450-4E23-8488-06F19DF7882D}.Release|x86.ActiveCfg = Release|Any CPU
		{D2A8AD2E-0450-4E23-8488-06F19DF7882D}.Release|x86.Build.0 = Release|Any CPU
		{D4857397-4D03-4E25-9332-979BF22E9BB2}.Debug|Any CPU.ActiveCfg = Debug|Any CPU
		{D4857397-4D03-4E25-9332-979BF22E9BB2}.Debug|Any CPU.Build.0 = Debug|Any CPU
		{D4857397-4D03-4E25-9332-979BF22E9BB2}.Debug|x64.ActiveCfg = Debug|Any CPU
		{D4857397-4D03-4E25-9332-979BF22E9BB2}.Debug|x64.Build.0 = Debug|Any CPU
		{D4857397-4D03-4E25-9332-979BF22E9BB2}.Debug|x86.ActiveCfg = Debug|Any CPU
		{D4857397-4D03-4E25-9332-979BF22E9BB2}.Debug|x86.Build.0 = Debug|Any CPU
		{D4857397-4D03-4E25-9332-979BF22E9BB2}.Release|Any CPU.ActiveCfg = Release|Any CPU
		{D4857397-4D03-4E25-9332-979BF22E9BB2}.Release|Any CPU.Build.0 = Release|Any CPU
		{D4857397-4D03-4E25-9332-979BF22E9BB2}.Release|x64.ActiveCfg = Release|Any CPU
		{D4857397-4D03-4E25-9332-979BF22E9BB2}.Release|x64.Build.0 = Release|Any CPU
		{D4857397-4D03-4E25-9332-979BF22E9BB2}.Release|x86.ActiveCfg = Release|Any CPU
		{D4857397-4D03-4E25-9332-979BF22E9BB2}.Release|x86.Build.0 = Release|Any CPU
		{EF96ECF7-82EA-48B7-B33D-0BEA4DE58349}.Debug|Any CPU.ActiveCfg = Debug|Any CPU
		{EF96ECF7-82EA-48B7-B33D-0BEA4DE58349}.Debug|x64.ActiveCfg = Debug|Any CPU
		{EF96ECF7-82EA-48B7-B33D-0BEA4DE58349}.Debug|x64.Build.0 = Debug|Any CPU
		{EF96ECF7-82EA-48B7-B33D-0BEA4DE58349}.Debug|x86.ActiveCfg = Debug|Any CPU
		{EF96ECF7-82EA-48B7-B33D-0BEA4DE58349}.Debug|x86.Build.0 = Debug|Any CPU
		{EF96ECF7-82EA-48B7-B33D-0BEA4DE58349}.Release|Any CPU.ActiveCfg = Release|x64
		{EF96ECF7-82EA-48B7-B33D-0BEA4DE58349}.Release|x64.ActiveCfg = Release|Any CPU
		{EF96ECF7-82EA-48B7-B33D-0BEA4DE58349}.Release|x64.Build.0 = Release|Any CPU
		{EF96ECF7-82EA-48B7-B33D-0BEA4DE58349}.Release|x86.ActiveCfg = Release|Any CPU
		{EF96ECF7-82EA-48B7-B33D-0BEA4DE58349}.Release|x86.Build.0 = Release|Any CPU
		{70445300-4409-447E-B1AC-10FA148B9DD0}.Debug|Any CPU.ActiveCfg = Debug|Any CPU
		{70445300-4409-447E-B1AC-10FA148B9DD0}.Debug|Any CPU.Build.0 = Debug|Any CPU
		{70445300-4409-447E-B1AC-10FA148B9DD0}.Debug|x64.ActiveCfg = Debug|Any CPU
		{70445300-4409-447E-B1AC-10FA148B9DD0}.Debug|x64.Build.0 = Debug|Any CPU
		{70445300-4409-447E-B1AC-10FA148B9DD0}.Debug|x86.ActiveCfg = Debug|Any CPU
		{70445300-4409-447E-B1AC-10FA148B9DD0}.Debug|x86.Build.0 = Debug|Any CPU
		{70445300-4409-447E-B1AC-10FA148B9DD0}.Release|Any CPU.ActiveCfg = Release|Any CPU
		{70445300-4409-447E-B1AC-10FA148B9DD0}.Release|Any CPU.Build.0 = Release|Any CPU
		{70445300-4409-447E-B1AC-10FA148B9DD0}.Release|x64.ActiveCfg = Release|Any CPU
		{70445300-4409-447E-B1AC-10FA148B9DD0}.Release|x64.Build.0 = Release|Any CPU
		{70445300-4409-447E-B1AC-10FA148B9DD0}.Release|x86.ActiveCfg = Release|Any CPU
		{70445300-4409-447E-B1AC-10FA148B9DD0}.Release|x86.Build.0 = Release|Any CPU
		{68A4EE77-DDF3-4E83-89C4-4473322D8006}.Debug|Any CPU.ActiveCfg = Debug|Any CPU
		{68A4EE77-DDF3-4E83-89C4-4473322D8006}.Debug|Any CPU.Build.0 = Debug|Any CPU
		{68A4EE77-DDF3-4E83-89C4-4473322D8006}.Debug|x64.ActiveCfg = Debug|Any CPU
		{68A4EE77-DDF3-4E83-89C4-4473322D8006}.Debug|x64.Build.0 = Debug|Any CPU
		{68A4EE77-DDF3-4E83-89C4-4473322D8006}.Debug|x86.ActiveCfg = Debug|Any CPU
		{68A4EE77-DDF3-4E83-89C4-4473322D8006}.Debug|x86.Build.0 = Debug|Any CPU
		{68A4EE77-DDF3-4E83-89C4-4473322D8006}.Release|Any CPU.ActiveCfg = Release|Any CPU
		{68A4EE77-DDF3-4E83-89C4-4473322D8006}.Release|Any CPU.Build.0 = Release|Any CPU
		{68A4EE77-DDF3-4E83-89C4-4473322D8006}.Release|x64.ActiveCfg = Release|Any CPU
		{68A4EE77-DDF3-4E83-89C4-4473322D8006}.Release|x64.Build.0 = Release|Any CPU
		{68A4EE77-DDF3-4E83-89C4-4473322D8006}.Release|x86.ActiveCfg = Release|Any CPU
		{68A4EE77-DDF3-4E83-89C4-4473322D8006}.Release|x86.Build.0 = Release|Any CPU
		{38FB420F-6C01-48AB-BC34-ECA5FC11EE61}.Debug|Any CPU.ActiveCfg = Debug|Any CPU
		{38FB420F-6C01-48AB-BC34-ECA5FC11EE61}.Debug|Any CPU.Build.0 = Debug|Any CPU
		{38FB420F-6C01-48AB-BC34-ECA5FC11EE61}.Debug|x64.ActiveCfg = Debug|Any CPU
		{38FB420F-6C01-48AB-BC34-ECA5FC11EE61}.Debug|x64.Build.0 = Debug|Any CPU
		{38FB420F-6C01-48AB-BC34-ECA5FC11EE61}.Debug|x86.ActiveCfg = Debug|Any CPU
		{38FB420F-6C01-48AB-BC34-ECA5FC11EE61}.Debug|x86.Build.0 = Debug|Any CPU
		{38FB420F-6C01-48AB-BC34-ECA5FC11EE61}.Release|Any CPU.ActiveCfg = Release|Any CPU
		{38FB420F-6C01-48AB-BC34-ECA5FC11EE61}.Release|Any CPU.Build.0 = Release|Any CPU
		{38FB420F-6C01-48AB-BC34-ECA5FC11EE61}.Release|x64.ActiveCfg = Release|Any CPU
		{38FB420F-6C01-48AB-BC34-ECA5FC11EE61}.Release|x64.Build.0 = Release|Any CPU
		{38FB420F-6C01-48AB-BC34-ECA5FC11EE61}.Release|x86.ActiveCfg = Release|Any CPU
		{38FB420F-6C01-48AB-BC34-ECA5FC11EE61}.Release|x86.Build.0 = Release|Any CPU
		{0C1D15D2-D0E7-497B-8C3F-4CA7DE22F0D1}.Debug|Any CPU.ActiveCfg = Debug|Any CPU
		{0C1D15D2-D0E7-497B-8C3F-4CA7DE22F0D1}.Debug|Any CPU.Build.0 = Debug|Any CPU
		{0C1D15D2-D0E7-497B-8C3F-4CA7DE22F0D1}.Debug|x64.ActiveCfg = Debug|Any CPU
		{0C1D15D2-D0E7-497B-8C3F-4CA7DE22F0D1}.Debug|x64.Build.0 = Debug|Any CPU
		{0C1D15D2-D0E7-497B-8C3F-4CA7DE22F0D1}.Debug|x86.ActiveCfg = Debug|Any CPU
		{0C1D15D2-D0E7-497B-8C3F-4CA7DE22F0D1}.Debug|x86.Build.0 = Debug|Any CPU
		{0C1D15D2-D0E7-497B-8C3F-4CA7DE22F0D1}.Release|Any CPU.ActiveCfg = Release|Any CPU
		{0C1D15D2-D0E7-497B-8C3F-4CA7DE22F0D1}.Release|Any CPU.Build.0 = Release|Any CPU
		{0C1D15D2-D0E7-497B-8C3F-4CA7DE22F0D1}.Release|x64.ActiveCfg = Release|Any CPU
		{0C1D15D2-D0E7-497B-8C3F-4CA7DE22F0D1}.Release|x64.Build.0 = Release|Any CPU
		{0C1D15D2-D0E7-497B-8C3F-4CA7DE22F0D1}.Release|x86.ActiveCfg = Release|Any CPU
		{0C1D15D2-D0E7-497B-8C3F-4CA7DE22F0D1}.Release|x86.Build.0 = Release|Any CPU
		{C221D713-EB19-4B00-A71B-E94BE05554E4}.Debug|Any CPU.ActiveCfg = Debug|Any CPU
		{C221D713-EB19-4B00-A71B-E94BE05554E4}.Debug|Any CPU.Build.0 = Debug|Any CPU
		{C221D713-EB19-4B00-A71B-E94BE05554E4}.Debug|x64.ActiveCfg = Debug|Any CPU
		{C221D713-EB19-4B00-A71B-E94BE05554E4}.Debug|x64.Build.0 = Debug|Any CPU
		{C221D713-EB19-4B00-A71B-E94BE05554E4}.Debug|x86.ActiveCfg = Debug|Any CPU
		{C221D713-EB19-4B00-A71B-E94BE05554E4}.Debug|x86.Build.0 = Debug|Any CPU
		{C221D713-EB19-4B00-A71B-E94BE05554E4}.Release|Any CPU.ActiveCfg = Release|Any CPU
		{C221D713-EB19-4B00-A71B-E94BE05554E4}.Release|Any CPU.Build.0 = Release|Any CPU
		{C221D713-EB19-4B00-A71B-E94BE05554E4}.Release|x64.ActiveCfg = Release|Any CPU
		{C221D713-EB19-4B00-A71B-E94BE05554E4}.Release|x64.Build.0 = Release|Any CPU
		{C221D713-EB19-4B00-A71B-E94BE05554E4}.Release|x86.ActiveCfg = Release|Any CPU
		{C221D713-EB19-4B00-A71B-E94BE05554E4}.Release|x86.Build.0 = Release|Any CPU
		{8789497B-B5A9-4371-A4F4-1AB50B070E1B}.Debug|Any CPU.ActiveCfg = Debug|Any CPU
		{8789497B-B5A9-4371-A4F4-1AB50B070E1B}.Debug|Any CPU.Build.0 = Debug|Any CPU
		{8789497B-B5A9-4371-A4F4-1AB50B070E1B}.Debug|x64.ActiveCfg = Debug|Any CPU
		{8789497B-B5A9-4371-A4F4-1AB50B070E1B}.Debug|x64.Build.0 = Debug|Any CPU
		{8789497B-B5A9-4371-A4F4-1AB50B070E1B}.Debug|x86.ActiveCfg = Debug|Any CPU
		{8789497B-B5A9-4371-A4F4-1AB50B070E1B}.Debug|x86.Build.0 = Debug|Any CPU
		{8789497B-B5A9-4371-A4F4-1AB50B070E1B}.Release|Any CPU.ActiveCfg = Release|Any CPU
		{8789497B-B5A9-4371-A4F4-1AB50B070E1B}.Release|Any CPU.Build.0 = Release|Any CPU
		{8789497B-B5A9-4371-A4F4-1AB50B070E1B}.Release|x64.ActiveCfg = Release|Any CPU
		{8789497B-B5A9-4371-A4F4-1AB50B070E1B}.Release|x64.Build.0 = Release|Any CPU
		{8789497B-B5A9-4371-A4F4-1AB50B070E1B}.Release|x86.ActiveCfg = Release|Any CPU
		{8789497B-B5A9-4371-A4F4-1AB50B070E1B}.Release|x86.Build.0 = Release|Any CPU
		{14245B4D-477D-4B37-8AA2-0CC2E49A54CD}.Debug|Any CPU.ActiveCfg = Debug|Any CPU
		{14245B4D-477D-4B37-8AA2-0CC2E49A54CD}.Debug|x64.ActiveCfg = Debug|Any CPU
		{14245B4D-477D-4B37-8AA2-0CC2E49A54CD}.Debug|x86.ActiveCfg = Debug|Any CPU
		{14245B4D-477D-4B37-8AA2-0CC2E49A54CD}.Release|Any CPU.ActiveCfg = Release|Any CPU
		{14245B4D-477D-4B37-8AA2-0CC2E49A54CD}.Release|x64.ActiveCfg = Release|Any CPU
		{14245B4D-477D-4B37-8AA2-0CC2E49A54CD}.Release|x86.ActiveCfg = Release|Any CPU
		{AF72A63A-67B4-4975-81B3-6C9407AC8B3A}.Debug|Any CPU.ActiveCfg = Debug|Any CPU
		{AF72A63A-67B4-4975-81B3-6C9407AC8B3A}.Debug|Any CPU.Build.0 = Debug|Any CPU
		{AF72A63A-67B4-4975-81B3-6C9407AC8B3A}.Debug|x64.ActiveCfg = Debug|Any CPU
		{AF72A63A-67B4-4975-81B3-6C9407AC8B3A}.Debug|x64.Build.0 = Debug|Any CPU
		{AF72A63A-67B4-4975-81B3-6C9407AC8B3A}.Debug|x86.ActiveCfg = Debug|Any CPU
		{AF72A63A-67B4-4975-81B3-6C9407AC8B3A}.Debug|x86.Build.0 = Debug|Any CPU
		{AF72A63A-67B4-4975-81B3-6C9407AC8B3A}.Release|Any CPU.ActiveCfg = Release|Any CPU
		{AF72A63A-67B4-4975-81B3-6C9407AC8B3A}.Release|Any CPU.Build.0 = Release|Any CPU
		{AF72A63A-67B4-4975-81B3-6C9407AC8B3A}.Release|x64.ActiveCfg = Release|Any CPU
		{AF72A63A-67B4-4975-81B3-6C9407AC8B3A}.Release|x64.Build.0 = Release|Any CPU
		{AF72A63A-67B4-4975-81B3-6C9407AC8B3A}.Release|x86.ActiveCfg = Release|Any CPU
		{AF72A63A-67B4-4975-81B3-6C9407AC8B3A}.Release|x86.Build.0 = Release|Any CPU
		{4082C087-A86C-4DFD-99C8-CEFA98C71FEA}.Debug|Any CPU.ActiveCfg = Debug|Any CPU
		{4082C087-A86C-4DFD-99C8-CEFA98C71FEA}.Debug|Any CPU.Build.0 = Debug|Any CPU
		{4082C087-A86C-4DFD-99C8-CEFA98C71FEA}.Debug|x64.ActiveCfg = Debug|Any CPU
		{4082C087-A86C-4DFD-99C8-CEFA98C71FEA}.Debug|x64.Build.0 = Debug|Any CPU
		{4082C087-A86C-4DFD-99C8-CEFA98C71FEA}.Debug|x86.ActiveCfg = Debug|Any CPU
		{4082C087-A86C-4DFD-99C8-CEFA98C71FEA}.Debug|x86.Build.0 = Debug|Any CPU
		{4082C087-A86C-4DFD-99C8-CEFA98C71FEA}.Release|Any CPU.ActiveCfg = Release|Any CPU
		{4082C087-A86C-4DFD-99C8-CEFA98C71FEA}.Release|Any CPU.Build.0 = Release|Any CPU
		{4082C087-A86C-4DFD-99C8-CEFA98C71FEA}.Release|x64.ActiveCfg = Release|Any CPU
		{4082C087-A86C-4DFD-99C8-CEFA98C71FEA}.Release|x64.Build.0 = Release|Any CPU
		{4082C087-A86C-4DFD-99C8-CEFA98C71FEA}.Release|x86.ActiveCfg = Release|Any CPU
		{4082C087-A86C-4DFD-99C8-CEFA98C71FEA}.Release|x86.Build.0 = Release|Any CPU
	EndGlobalSection
	GlobalSection(SolutionProperties) = preSolution
		HideSolutionNode = FALSE
	EndGlobalSection
	GlobalSection(NestedProjects) = preSolution
		{D2A8AD2E-0450-4E23-8488-06F19DF7882D} = {ED8079DD-2B06-4030-9F0F-DC548F98E1C4}
		{D4857397-4D03-4E25-9332-979BF22E9BB2} = {ED8079DD-2B06-4030-9F0F-DC548F98E1C4}
		{EF96ECF7-82EA-48B7-B33D-0BEA4DE58349} = {ED8079DD-2B06-4030-9F0F-DC548F98E1C4}
		{38FB420F-6C01-48AB-BC34-ECA5FC11EE61} = {ED8079DD-2B06-4030-9F0F-DC548F98E1C4}
		{0C1D15D2-D0E7-497B-8C3F-4CA7DE22F0D1} = {ED8079DD-2B06-4030-9F0F-DC548F98E1C4}
		{C221D713-EB19-4B00-A71B-E94BE05554E4} = {ED8079DD-2B06-4030-9F0F-DC548F98E1C4}
		{8789497B-B5A9-4371-A4F4-1AB50B070E1B} = {4FA14F38-8CC5-4649-855E-ECB3C0794560}
		{AF72A63A-67B4-4975-81B3-6C9407AC8B3A} = {ED8079DD-2B06-4030-9F0F-DC548F98E1C4}
		{4082C087-A86C-4DFD-99C8-CEFA98C71FEA} = {BF60BC93-E09B-4E5F-9D85-95A519479D54}
	EndGlobalSection
	GlobalSection(ExtensibilityGlobals) = postSolution
		SolutionGuid = {70B77C15-F13A-4AFD-891C-D7857FE8FD18}
	EndGlobalSection
	GlobalSection(Performance) = preSolution
		HasPerformanceSessions = true
	EndGlobalSection
	GlobalSection(Performance) = preSolution
		HasPerformanceSessions = true
	EndGlobalSection
	GlobalSection(Performance) = preSolution
		HasPerformanceSessions = true
	EndGlobalSection
EndGlobal
