
Microsoft Visual Studio Solution File, Format Version 12.00
# Visual Studio Version 16
VisualStudioVersion = 16.0.28407.52
MinimumVisualStudioVersion = 10.0.40219.1
Project("{2150E333-8FDC-42A3-9474-1A3956D46DE8}") = "docs", "docs", "{A6A6AF7D-D6E3-442D-9B1E-58CC91879BE1}"
	ProjectSection(SolutionItems) = preProject
		docs\filterConfig.yml = docs\filterConfig.yml
		docs\index.md = docs\index.md
	EndProjectSection
EndProject
Project("{2150E333-8FDC-42A3-9474-1A3956D46DE8}") = "Solution Items", "Solution Items", "{BF60BC93-E09B-4E5F-9D85-95A519479D54}"
	ProjectSection(SolutionItems) = preProject
		azure-pipelines.yml = azure-pipelines.yml
		build\common.props = build\common.props
		LICENSE.Dependencies.txt = LICENSE.Dependencies.txt
		LICENSE.txt = LICENSE.txt
		NuGet.config = NuGet.config
		README.md = README.md
		build\Spreads.props = build\Spreads.props
		.editorconfig = .editorconfig
	EndProjectSection
EndProject
Project("{2150E333-8FDC-42A3-9474-1A3956D46DE8}") = "tests", "tests", "{ED8079DD-2B06-4030-9F0F-DC548F98E1C4}"
EndProject
Project("{9A19103F-16F7-4668-BE54-9A1E7A4F7556}") = "Spreads.Old1", "src\Spreads.Old1\Spreads.Old1.csproj", "{70445300-4409-447E-B1AC-10FA148B9DD0}"
EndProject
Project("{9A19103F-16F7-4668-BE54-9A1E7A4F7556}") = "Spreads.Core", "src\Spreads.Core\Spreads.Core.csproj", "{68A4EE77-DDF3-4E83-89C4-4473322D8006}"
EndProject
Project("{9A19103F-16F7-4668-BE54-9A1E7A4F7556}") = "Spreads.Core.Tests", "tests\Spreads.Core.Tests\Spreads.Core.Tests.csproj", "{0C1D15D2-D0E7-497B-8C3F-4CA7DE22F0D1}"
EndProject
Project("{2150E333-8FDC-42A3-9474-1A3956D46DE8}") = "api", "api", "{2D8B4B89-EB29-462E-B5FE-45A21E73FF8B}"
	ProjectSection(SolutionItems) = preProject
		docs\api\index.md = docs\api\index.md
	EndProjectSection
EndProject
Project("{2150E333-8FDC-42A3-9474-1A3956D46DE8}") = "articles", "articles", "{FB2D7CAF-0D1E-451D-B61F-534C6E81C1B4}"
	ProjectSection(SolutionItems) = preProject
		docs\articles\intro.md = docs\articles\intro.md
		docs\articles\Sandbox.md = docs\articles\Sandbox.md
	EndProjectSection
EndProject
Project("{E53339B2-1760-4266-BCC7-CA923CBCF16C}") = "DockerRun", "tests\DockerRun\DockerRun.dcproj", "{4082C087-A86C-4DFD-99C8-CEFA98C71FEA}"
EndProject
Project("{9A19103F-16F7-4668-BE54-9A1E7A4F7556}") = "Spreads.Tests", "tests\Spreads.Tests\Spreads.Tests.csproj", "{66DED4DB-897F-4A4F-BDC4-397D3D37C87D}"
EndProject
Project("{9A19103F-16F7-4668-BE54-9A1E7A4F7556}") = "_Spreads.Run", "tests\_Spreads.Run\_Spreads.Run.csproj", "{CBD0AE67-F6E5-4659-8FB0-3BA57706088C}"
EndProject
Project("{FAE04EC0-301F-11D3-BF4B-00C04F79EFBC}") = "Spreads_old", "src\Spreads_old\Spreads_old.csproj", "{FEE0E3F7-2360-4954-A30E-03196DC4E505}"
EndProject
Project("{2150E333-8FDC-42A3-9474-1A3956D46DE8}") = "Core", "Core", "{7D96B942-4DFA-4B94-9A23-789A660E2DC6}"
EndProject
Project("{FAE04EC0-301F-11D3-BF4B-00C04F79EFBC}") = "SpreadsX", "src\SpreadsX\SpreadsX.csproj", "{DDBFD620-83D9-4ECD-B995-9F2EABC166DD}"
EndProject
Project("{FAE04EC0-301F-11D3-BF4B-00C04F79EFBC}") = "Blake2Fast", "..\..\..\..\..\_OSS\dotnet\Blake2Fast\src\Blake2Fast\Blake2Fast.csproj", "{083B5209-74DE-43CF-B3CC-7A7D817474AD}"
EndProject
Global
	GlobalSection(SolutionConfigurationPlatforms) = preSolution
		Debug|Any CPU = Debug|Any CPU
		Debug|x64 = Debug|x64
		Debug|x86 = Debug|x86
		Release|Any CPU = Release|Any CPU
		Release|x64 = Release|x64
		Release|x86 = Release|x86
	EndGlobalSection
	GlobalSection(ProjectConfigurationPlatforms) = postSolution
		{70445300-4409-447E-B1AC-10FA148B9DD0}.Debug|Any CPU.ActiveCfg = Debug|Any CPU
		{70445300-4409-447E-B1AC-10FA148B9DD0}.Debug|Any CPU.Build.0 = Debug|Any CPU
		{70445300-4409-447E-B1AC-10FA148B9DD0}.Debug|x64.ActiveCfg = Debug|Any CPU
		{70445300-4409-447E-B1AC-10FA148B9DD0}.Debug|x64.Build.0 = Debug|Any CPU
		{70445300-4409-447E-B1AC-10FA148B9DD0}.Debug|x86.ActiveCfg = Debug|Any CPU
		{70445300-4409-447E-B1AC-10FA148B9DD0}.Debug|x86.Build.0 = Debug|Any CPU
		{70445300-4409-447E-B1AC-10FA148B9DD0}.Release|Any CPU.ActiveCfg = Release|Any CPU
		{70445300-4409-447E-B1AC-10FA148B9DD0}.Release|Any CPU.Build.0 = Release|Any CPU
		{70445300-4409-447E-B1AC-10FA148B9DD0}.Release|x64.ActiveCfg = Release|Any CPU
		{70445300-4409-447E-B1AC-10FA148B9DD0}.Release|x64.Build.0 = Release|Any CPU
		{70445300-4409-447E-B1AC-10FA148B9DD0}.Release|x86.ActiveCfg = Release|Any CPU
		{70445300-4409-447E-B1AC-10FA148B9DD0}.Release|x86.Build.0 = Release|Any CPU
		{68A4EE77-DDF3-4E83-89C4-4473322D8006}.Debug|Any CPU.ActiveCfg = Debug|Any CPU
		{68A4EE77-DDF3-4E83-89C4-4473322D8006}.Debug|Any CPU.Build.0 = Debug|Any CPU
		{68A4EE77-DDF3-4E83-89C4-4473322D8006}.Debug|x64.ActiveCfg = Debug|Any CPU
		{68A4EE77-DDF3-4E83-89C4-4473322D8006}.Debug|x64.Build.0 = Debug|Any CPU
		{68A4EE77-DDF3-4E83-89C4-4473322D8006}.Debug|x86.ActiveCfg = Debug|Any CPU
		{68A4EE77-DDF3-4E83-89C4-4473322D8006}.Debug|x86.Build.0 = Debug|Any CPU
		{68A4EE77-DDF3-4E83-89C4-4473322D8006}.Release|Any CPU.ActiveCfg = Release|Any CPU
		{68A4EE77-DDF3-4E83-89C4-4473322D8006}.Release|Any CPU.Build.0 = Release|Any CPU
		{68A4EE77-DDF3-4E83-89C4-4473322D8006}.Release|x64.ActiveCfg = Release|Any CPU
		{68A4EE77-DDF3-4E83-89C4-4473322D8006}.Release|x64.Build.0 = Release|Any CPU
		{68A4EE77-DDF3-4E83-89C4-4473322D8006}.Release|x86.ActiveCfg = Release|Any CPU
		{68A4EE77-DDF3-4E83-89C4-4473322D8006}.Release|x86.Build.0 = Release|Any CPU
		{0C1D15D2-D0E7-497B-8C3F-4CA7DE22F0D1}.Debug|Any CPU.ActiveCfg = Debug|Any CPU
		{0C1D15D2-D0E7-497B-8C3F-4CA7DE22F0D1}.Debug|Any CPU.Build.0 = Debug|Any CPU
		{0C1D15D2-D0E7-497B-8C3F-4CA7DE22F0D1}.Debug|x64.ActiveCfg = Debug|Any CPU
		{0C1D15D2-D0E7-497B-8C3F-4CA7DE22F0D1}.Debug|x64.Build.0 = Debug|Any CPU
		{0C1D15D2-D0E7-497B-8C3F-4CA7DE22F0D1}.Debug|x86.ActiveCfg = Debug|Any CPU
		{0C1D15D2-D0E7-497B-8C3F-4CA7DE22F0D1}.Debug|x86.Build.0 = Debug|Any CPU
		{0C1D15D2-D0E7-497B-8C3F-4CA7DE22F0D1}.Release|Any CPU.ActiveCfg = Release|Any CPU
		{0C1D15D2-D0E7-497B-8C3F-4CA7DE22F0D1}.Release|Any CPU.Build.0 = Release|Any CPU
		{0C1D15D2-D0E7-497B-8C3F-4CA7DE22F0D1}.Release|x64.ActiveCfg = Release|Any CPU
		{0C1D15D2-D0E7-497B-8C3F-4CA7DE22F0D1}.Release|x64.Build.0 = Release|Any CPU
		{0C1D15D2-D0E7-497B-8C3F-4CA7DE22F0D1}.Release|x86.ActiveCfg = Release|Any CPU
		{0C1D15D2-D0E7-497B-8C3F-4CA7DE22F0D1}.Release|x86.Build.0 = Release|Any CPU
		{4082C087-A86C-4DFD-99C8-CEFA98C71FEA}.Debug|Any CPU.ActiveCfg = Debug|Any CPU
		{4082C087-A86C-4DFD-99C8-CEFA98C71FEA}.Debug|Any CPU.Build.0 = Debug|Any CPU
		{4082C087-A86C-4DFD-99C8-CEFA98C71FEA}.Debug|x64.ActiveCfg = Debug|Any CPU
		{4082C087-A86C-4DFD-99C8-CEFA98C71FEA}.Debug|x64.Build.0 = Debug|Any CPU
		{4082C087-A86C-4DFD-99C8-CEFA98C71FEA}.Debug|x86.ActiveCfg = Debug|Any CPU
		{4082C087-A86C-4DFD-99C8-CEFA98C71FEA}.Debug|x86.Build.0 = Debug|Any CPU
		{4082C087-A86C-4DFD-99C8-CEFA98C71FEA}.Release|Any CPU.ActiveCfg = Release|Any CPU
		{4082C087-A86C-4DFD-99C8-CEFA98C71FEA}.Release|Any CPU.Build.0 = Release|Any CPU
		{4082C087-A86C-4DFD-99C8-CEFA98C71FEA}.Release|x64.ActiveCfg = Release|Any CPU
		{4082C087-A86C-4DFD-99C8-CEFA98C71FEA}.Release|x64.Build.0 = Release|Any CPU
		{4082C087-A86C-4DFD-99C8-CEFA98C71FEA}.Release|x86.ActiveCfg = Release|Any CPU
		{4082C087-A86C-4DFD-99C8-CEFA98C71FEA}.Release|x86.Build.0 = Release|Any CPU
		{66DED4DB-897F-4A4F-BDC4-397D3D37C87D}.Debug|Any CPU.ActiveCfg = Debug|Any CPU
		{66DED4DB-897F-4A4F-BDC4-397D3D37C87D}.Debug|Any CPU.Build.0 = Debug|Any CPU
		{66DED4DB-897F-4A4F-BDC4-397D3D37C87D}.Debug|x64.ActiveCfg = Debug|Any CPU
		{66DED4DB-897F-4A4F-BDC4-397D3D37C87D}.Debug|x64.Build.0 = Debug|Any CPU
		{66DED4DB-897F-4A4F-BDC4-397D3D37C87D}.Debug|x86.ActiveCfg = Debug|Any CPU
		{66DED4DB-897F-4A4F-BDC4-397D3D37C87D}.Debug|x86.Build.0 = Debug|Any CPU
		{66DED4DB-897F-4A4F-BDC4-397D3D37C87D}.Release|Any CPU.ActiveCfg = Release|Any CPU
		{66DED4DB-897F-4A4F-BDC4-397D3D37C87D}.Release|Any CPU.Build.0 = Release|Any CPU
		{66DED4DB-897F-4A4F-BDC4-397D3D37C87D}.Release|x64.ActiveCfg = Release|Any CPU
		{66DED4DB-897F-4A4F-BDC4-397D3D37C87D}.Release|x64.Build.0 = Release|Any CPU
		{66DED4DB-897F-4A4F-BDC4-397D3D37C87D}.Release|x86.ActiveCfg = Release|Any CPU
		{66DED4DB-897F-4A4F-BDC4-397D3D37C87D}.Release|x86.Build.0 = Release|Any CPU
		{CBD0AE67-F6E5-4659-8FB0-3BA57706088C}.Debug|Any CPU.ActiveCfg = Debug|Any CPU
		{CBD0AE67-F6E5-4659-8FB0-3BA57706088C}.Debug|Any CPU.Build.0 = Debug|Any CPU
		{CBD0AE67-F6E5-4659-8FB0-3BA57706088C}.Debug|x64.ActiveCfg = Debug|Any CPU
		{CBD0AE67-F6E5-4659-8FB0-3BA57706088C}.Debug|x64.Build.0 = Debug|Any CPU
		{CBD0AE67-F6E5-4659-8FB0-3BA57706088C}.Debug|x86.ActiveCfg = Debug|Any CPU
		{CBD0AE67-F6E5-4659-8FB0-3BA57706088C}.Debug|x86.Build.0 = Debug|Any CPU
		{CBD0AE67-F6E5-4659-8FB0-3BA57706088C}.Release|Any CPU.ActiveCfg = Release|Any CPU
		{CBD0AE67-F6E5-4659-8FB0-3BA57706088C}.Release|Any CPU.Build.0 = Release|Any CPU
		{CBD0AE67-F6E5-4659-8FB0-3BA57706088C}.Release|x64.ActiveCfg = Release|Any CPU
		{CBD0AE67-F6E5-4659-8FB0-3BA57706088C}.Release|x64.Build.0 = Release|Any CPU
		{CBD0AE67-F6E5-4659-8FB0-3BA57706088C}.Release|x86.ActiveCfg = Release|Any CPU
		{CBD0AE67-F6E5-4659-8FB0-3BA57706088C}.Release|x86.Build.0 = Release|Any CPU
		{FEE0E3F7-2360-4954-A30E-03196DC4E505}.Debug|Any CPU.ActiveCfg = Debug|Any CPU
		{FEE0E3F7-2360-4954-A30E-03196DC4E505}.Debug|Any CPU.Build.0 = Debug|Any CPU
		{FEE0E3F7-2360-4954-A30E-03196DC4E505}.Debug|x64.ActiveCfg = Debug|Any CPU
		{FEE0E3F7-2360-4954-A30E-03196DC4E505}.Debug|x64.Build.0 = Debug|Any CPU
		{FEE0E3F7-2360-4954-A30E-03196DC4E505}.Debug|x86.ActiveCfg = Debug|Any CPU
		{FEE0E3F7-2360-4954-A30E-03196DC4E505}.Debug|x86.Build.0 = Debug|Any CPU
		{FEE0E3F7-2360-4954-A30E-03196DC4E505}.Release|Any CPU.ActiveCfg = Release|Any CPU
		{FEE0E3F7-2360-4954-A30E-03196DC4E505}.Release|Any CPU.Build.0 = Release|Any CPU
		{FEE0E3F7-2360-4954-A30E-03196DC4E505}.Release|x64.ActiveCfg = Release|Any CPU
		{FEE0E3F7-2360-4954-A30E-03196DC4E505}.Release|x64.Build.0 = Release|Any CPU
		{FEE0E3F7-2360-4954-A30E-03196DC4E505}.Release|x86.ActiveCfg = Release|Any CPU
		{FEE0E3F7-2360-4954-A30E-03196DC4E505}.Release|x86.Build.0 = Release|Any CPU
		{DDBFD620-83D9-4ECD-B995-9F2EABC166DD}.Debug|Any CPU.ActiveCfg = Debug|Any CPU
		{DDBFD620-83D9-4ECD-B995-9F2EABC166DD}.Debug|Any CPU.Build.0 = Debug|Any CPU
		{DDBFD620-83D9-4ECD-B995-9F2EABC166DD}.Debug|x64.ActiveCfg = Debug|Any CPU
		{DDBFD620-83D9-4ECD-B995-9F2EABC166DD}.Debug|x64.Build.0 = Debug|Any CPU
		{DDBFD620-83D9-4ECD-B995-9F2EABC166DD}.Debug|x86.ActiveCfg = Debug|Any CPU
		{DDBFD620-83D9-4ECD-B995-9F2EABC166DD}.Debug|x86.Build.0 = Debug|Any CPU
		{DDBFD620-83D9-4ECD-B995-9F2EABC166DD}.Release|Any CPU.ActiveCfg = Release|Any CPU
		{DDBFD620-83D9-4ECD-B995-9F2EABC166DD}.Release|Any CPU.Build.0 = Release|Any CPU
		{DDBFD620-83D9-4ECD-B995-9F2EABC166DD}.Release|x64.ActiveCfg = Release|Any CPU
		{DDBFD620-83D9-4ECD-B995-9F2EABC166DD}.Release|x64.Build.0 = Release|Any CPU
		{DDBFD620-83D9-4ECD-B995-9F2EABC166DD}.Release|x86.ActiveCfg = Release|Any CPU
		{DDBFD620-83D9-4ECD-B995-9F2EABC166DD}.Release|x86.Build.0 = Release|Any CPU
		{083B5209-74DE-43CF-B3CC-7A7D817474AD}.Debug|Any CPU.ActiveCfg = Debug|Any CPU
		{083B5209-74DE-43CF-B3CC-7A7D817474AD}.Debug|Any CPU.Build.0 = Debug|Any CPU
		{083B5209-74DE-43CF-B3CC-7A7D817474AD}.Debug|x64.ActiveCfg = Debug|Any CPU
		{083B5209-74DE-43CF-B3CC-7A7D817474AD}.Debug|x64.Build.0 = Debug|Any CPU
		{083B5209-74DE-43CF-B3CC-7A7D817474AD}.Debug|x86.ActiveCfg = Debug|Any CPU
		{083B5209-74DE-43CF-B3CC-7A7D817474AD}.Debug|x86.Build.0 = Debug|Any CPU
		{083B5209-74DE-43CF-B3CC-7A7D817474AD}.Release|Any CPU.ActiveCfg = Release|Any CPU
		{083B5209-74DE-43CF-B3CC-7A7D817474AD}.Release|Any CPU.Build.0 = Release|Any CPU
		{083B5209-74DE-43CF-B3CC-7A7D817474AD}.Release|x64.ActiveCfg = Release|Any CPU
		{083B5209-74DE-43CF-B3CC-7A7D817474AD}.Release|x64.Build.0 = Release|Any CPU
		{083B5209-74DE-43CF-B3CC-7A7D817474AD}.Release|x86.ActiveCfg = Release|Any CPU
		{083B5209-74DE-43CF-B3CC-7A7D817474AD}.Release|x86.Build.0 = Release|Any CPU
	EndGlobalSection
	GlobalSection(SolutionProperties) = preSolution
		HideSolutionNode = FALSE
	EndGlobalSection
	GlobalSection(NestedProjects) = preSolution
		{A6A6AF7D-D6E3-442D-9B1E-58CC91879BE1} = {BF60BC93-E09B-4E5F-9D85-95A519479D54}
		{0C1D15D2-D0E7-497B-8C3F-4CA7DE22F0D1} = {ED8079DD-2B06-4030-9F0F-DC548F98E1C4}
		{2D8B4B89-EB29-462E-B5FE-45A21E73FF8B} = {A6A6AF7D-D6E3-442D-9B1E-58CC91879BE1}
		{FB2D7CAF-0D1E-451D-B61F-534C6E81C1B4} = {A6A6AF7D-D6E3-442D-9B1E-58CC91879BE1}
		{4082C087-A86C-4DFD-99C8-CEFA98C71FEA} = {ED8079DD-2B06-4030-9F0F-DC548F98E1C4}
		{66DED4DB-897F-4A4F-BDC4-397D3D37C87D} = {ED8079DD-2B06-4030-9F0F-DC548F98E1C4}
		{CBD0AE67-F6E5-4659-8FB0-3BA57706088C} = {ED8079DD-2B06-4030-9F0F-DC548F98E1C4}
		{68A4EE77-DDF3-4E83-89C4-4473322D8006} = {7D96B942-4DFA-4B94-9A23-789A660E2DC6}
		{083B5209-74DE-43CF-B3CC-7A7D817474AD} = {ED8079DD-2B06-4030-9F0F-DC548F98E1C4}
	EndGlobalSection
	GlobalSection(ExtensibilityGlobals) = postSolution
		SolutionGuid = {70B77C15-F13A-4AFD-891C-D7857FE8FD18}
	EndGlobalSection
	GlobalSection(Performance) = preSolution
		HasPerformanceSessions = true
	EndGlobalSection
	GlobalSection(Performance) = preSolution
		HasPerformanceSessions = true
	EndGlobalSection
	GlobalSection(Performance) = preSolution
		HasPerformanceSessions = true
	EndGlobalSection
EndGlobal
