
Microsoft Visual Studio Solution File, Format Version 12.00
# Visual Studio Version 16
VisualStudioVersion = 16.0.28407.52
MinimumVisualStudioVersion = 10.0.40219.1
Project("{2150E333-8FDC-42A3-9474-1A3956D46DE8}") = "docs", "docs", "{A6A6AF7D-D6E3-442D-9B1E-58CC91879BE1}"
	ProjectSection(SolutionItems) = preProject
		docs\filterConfig.yml = docs\filterConfig.yml
		docs\index.md = docs\index.md
	EndProjectSection
EndProject
Project("{2150E333-8FDC-42A3-9474-1A3956D46DE8}") = "Solution Items", "Solution Items", "{BF60BC93-E09B-4E5F-9D85-95A519479D54}"
	ProjectSection(SolutionItems) = preProject
		azure-pipelines.yml = azure-pipelines.yml
		build.cmd = build.cmd
		build\common.props = build\common.props
		LICENSE.Dependencies.txt = LICENSE.Dependencies.txt
		LICENSE.txt = LICENSE.txt
		NuGet.config = NuGet.config
		README.md = README.md
		RELEASE_NOTES.md = RELEASE_NOTES.md
		build\Spreads.props = build\Spreads.props
	EndProjectSection
EndProject
Project("{2150E333-8FDC-42A3-9474-1A3956D46DE8}") = "tests", "tests", "{ED8079DD-2B06-4030-9F0F-DC548F98E1C4}"
EndProject
Project("{FAE04EC0-301F-11D3-BF4B-00C04F79EFBC}") = "Spreads.Tests.CSProfile", "tests\Spreads.Tests.CSProfile\Spreads.Tests.CSProfile.csproj", "{D2A8AD2E-0450-4E23-8488-06F19DF7882D}"
EndProject
Project("{9A19103F-16F7-4668-BE54-9A1E7A4F7556}") = "Spreads.Collections.Tests", "tests\Spreads.Collections.Tests\Spreads.Collections.Tests.csproj", "{D4857397-4D03-4E25-9332-979BF22E9BB2}"
EndProject
Project("{FAE04EC0-301F-11D3-BF4B-00C04F79EFBC}") = "TAQParse", "tests\Spreads.TAQParser\TAQParse.csproj", "{EF96ECF7-82EA-48B7-B33D-0BEA4DE58349}"
EndProject
Project("{9A19103F-16F7-4668-BE54-9A1E7A4F7556}") = "Spreads", "src\Spreads\Spreads.csproj", "{70445300-4409-447E-B1AC-10FA148B9DD0}"
EndProject
Project("{9A19103F-16F7-4668-BE54-9A1E7A4F7556}") = "Spreads.Core", "src\Spreads.Core\Spreads.Core.csproj", "{68A4EE77-DDF3-4E83-89C4-4473322D8006}"
EndProject
Project("{9A19103F-16F7-4668-BE54-9A1E7A4F7556}") = "Spreads.Core.xUnit", "tests\Spreads.Core.xUnit\Spreads.Core.xUnit.csproj", "{38FB420F-6C01-48AB-BC34-ECA5FC11EE61}"
EndProject
Project("{9A19103F-16F7-4668-BE54-9A1E7A4F7556}") = "Spreads.Core.Tests", "tests\Spreads.Core.Tests\Spreads.Core.Tests.csproj", "{0C1D15D2-D0E7-497B-8C3F-4CA7DE22F0D1}"
EndProject
Project("{6EC3EE1D-3C4E-46DD-8F32-0CC8E7565705}") = "Spreads.Collections", "src\Spreads.Collections\Spreads.Collections.fsproj", "{14245B4D-477D-4B37-8AA2-0CC2E49A54CD}"
EndProject
Project("{6EC3EE1D-3C4E-46DD-8F32-0CC8E7565705}") = "Spreads.Collections.Deedle.Tests", "tests\Spreads.Collections.Deedle.Tests\Spreads.Collections.Deedle.Tests.fsproj", "{AF72A63A-67B4-4975-81B3-6C9407AC8B3A}"
EndProject
Project("{2150E333-8FDC-42A3-9474-1A3956D46DE8}") = "api", "api", "{2D8B4B89-EB29-462E-B5FE-45A21E73FF8B}"
	ProjectSection(SolutionItems) = preProject
		docs\api\index.md = docs\api\index.md
	EndProjectSection
EndProject
Project("{2150E333-8FDC-42A3-9474-1A3956D46DE8}") = "articles", "articles", "{FB2D7CAF-0D1E-451D-B61F-534C6E81C1B4}"
	ProjectSection(SolutionItems) = preProject
		docs\articles\intro.md = docs\articles\intro.md
		docs\articles\Sandbox.md = docs\articles\Sandbox.md
	EndProjectSection
EndProject
Project("{E53339B2-1760-4266-BCC7-CA923CBCF16C}") = "DockerRun", "tests\DockerRun\DockerRun.dcproj", "{4082C087-A86C-4DFD-99C8-CEFA98C71FEA}"
EndProject
Project("{2150E333-8FDC-42A3-9474-1A3956D46DE8}") = "TBD", "TBD", "{A31200B4-FBF1-474E-A17E-973E000C64C1}"
EndProject
Project("{9A19103F-16F7-4668-BE54-9A1E7A4F7556}") = "Spreads.Tests", "tests\Spreads.Tests\Spreads.Tests.csproj", "{66DED4DB-897F-4A4F-BDC4-397D3D37C87D}"
EndProject
Project("{9A19103F-16F7-4668-BE54-9A1E7A4F7556}") = "Spreads.Tests.Old", "tests\Spreads.Tests.Old\Spreads.Tests.Old.csproj", "{FF7277D4-32BE-44A8-A824-6057C8BC5BFE}"
EndProject
Project("{9A19103F-16F7-4668-BE54-9A1E7A4F7556}") = "_Spreads.Run", "tests\_Spreads.Run\_Spreads.Run.csproj", "{CBD0AE67-F6E5-4659-8FB0-3BA57706088C}"
EndProject
Global
	GlobalSection(SolutionConfigurationPlatforms) = preSolution
		Debug|Any CPU = Debug|Any CPU
		Debug|x64 = Debug|x64
		Debug|x86 = Debug|x86
		Prerelease|Any CPU = Prerelease|Any CPU
		Prerelease|x64 = Prerelease|x64
		Prerelease|x86 = Prerelease|x86
		Release|Any CPU = Release|Any CPU
		Release|x64 = Release|x64
		Release|x86 = Release|x86
	EndGlobalSection
	GlobalSection(ProjectConfigurationPlatforms) = postSolution
		{D2A8AD2E-0450-4E23-8488-06F19DF7882D}.Debug|Any CPU.ActiveCfg = Debug|Any CPU
		{D2A8AD2E-0450-4E23-8488-06F19DF7882D}.Debug|Any CPU.Build.0 = Debug|Any CPU
		{D2A8AD2E-0450-4E23-8488-06F19DF7882D}.Debug|x64.ActiveCfg = Debug|Any CPU
		{D2A8AD2E-0450-4E23-8488-06F19DF7882D}.Debug|x64.Build.0 = Debug|Any CPU
		{D2A8AD2E-0450-4E23-8488-06F19DF7882D}.Debug|x86.ActiveCfg = Debug|Any CPU
		{D2A8AD2E-0450-4E23-8488-06F19DF7882D}.Debug|x86.Build.0 = Debug|Any CPU
		{D2A8AD2E-0450-4E23-8488-06F19DF7882D}.Prerelease|Any CPU.ActiveCfg = Release|Any CPU
		{D2A8AD2E-0450-4E23-8488-06F19DF7882D}.Prerelease|x64.ActiveCfg = Release|x64
		{D2A8AD2E-0450-4E23-8488-06F19DF7882D}.Prerelease|x86.ActiveCfg = Release|Any CPU
		{D2A8AD2E-0450-4E23-8488-06F19DF7882D}.Release|Any CPU.ActiveCfg = Release|x64
		{D2A8AD2E-0450-4E23-8488-06F19DF7882D}.Release|x64.ActiveCfg = Release|Any CPU
		{D2A8AD2E-0450-4E23-8488-06F19DF7882D}.Release|x64.Build.0 = Release|Any CPU
		{D2A8AD2E-0450-4E23-8488-06F19DF7882D}.Release|x86.ActiveCfg = Release|Any CPU
		{D2A8AD2E-0450-4E23-8488-06F19DF7882D}.Release|x86.Build.0 = Release|Any CPU
		{D4857397-4D03-4E25-9332-979BF22E9BB2}.Debug|Any CPU.ActiveCfg = Debug|Any CPU
		{D4857397-4D03-4E25-9332-979BF22E9BB2}.Debug|Any CPU.Build.0 = Debug|Any CPU
		{D4857397-4D03-4E25-9332-979BF22E9BB2}.Debug|x64.ActiveCfg = Debug|Any CPU
		{D4857397-4D03-4E25-9332-979BF22E9BB2}.Debug|x64.Build.0 = Debug|Any CPU
		{D4857397-4D03-4E25-9332-979BF22E9BB2}.Debug|x86.ActiveCfg = Debug|Any CPU
		{D4857397-4D03-4E25-9332-979BF22E9BB2}.Debug|x86.Build.0 = Debug|Any CPU
		{D4857397-4D03-4E25-9332-979BF22E9BB2}.Prerelease|Any CPU.ActiveCfg = Release|Any CPU
		{D4857397-4D03-4E25-9332-979BF22E9BB2}.Prerelease|x64.ActiveCfg = Release|Any CPU
		{D4857397-4D03-4E25-9332-979BF22E9BB2}.Prerelease|x86.ActiveCfg = Release|Any CPU
		{D4857397-4D03-4E25-9332-979BF22E9BB2}.Release|Any CPU.ActiveCfg = Release|Any CPU
		{D4857397-4D03-4E25-9332-979BF22E9BB2}.Release|Any CPU.Build.0 = Release|Any CPU
		{D4857397-4D03-4E25-9332-979BF22E9BB2}.Release|x64.ActiveCfg = Release|Any CPU
		{D4857397-4D03-4E25-9332-979BF22E9BB2}.Release|x64.Build.0 = Release|Any CPU
		{D4857397-4D03-4E25-9332-979BF22E9BB2}.Release|x86.ActiveCfg = Release|Any CPU
		{D4857397-4D03-4E25-9332-979BF22E9BB2}.Release|x86.Build.0 = Release|Any CPU
		{EF96ECF7-82EA-48B7-B33D-0BEA4DE58349}.Debug|Any CPU.ActiveCfg = Debug|Any CPU
		{EF96ECF7-82EA-48B7-B33D-0BEA4DE58349}.Debug|x64.ActiveCfg = Debug|Any CPU
		{EF96ECF7-82EA-48B7-B33D-0BEA4DE58349}.Debug|x64.Build.0 = Debug|Any CPU
		{EF96ECF7-82EA-48B7-B33D-0BEA4DE58349}.Debug|x86.ActiveCfg = Debug|Any CPU
		{EF96ECF7-82EA-48B7-B33D-0BEA4DE58349}.Debug|x86.Build.0 = Debug|Any CPU
		{EF96ECF7-82EA-48B7-B33D-0BEA4DE58349}.Prerelease|Any CPU.ActiveCfg = Prerelease|Any CPU
		{EF96ECF7-82EA-48B7-B33D-0BEA4DE58349}.Prerelease|Any CPU.Build.0 = Prerelease|Any CPU
		{EF96ECF7-82EA-48B7-B33D-0BEA4DE58349}.Prerelease|x64.ActiveCfg = Prerelease|x64
		{EF96ECF7-82EA-48B7-B33D-0BEA4DE58349}.Prerelease|x64.Build.0 = Prerelease|x64
		{EF96ECF7-82EA-48B7-B33D-0BEA4DE58349}.Prerelease|x86.ActiveCfg = Prerelease|Any CPU
		{EF96ECF7-82EA-48B7-B33D-0BEA4DE58349}.Prerelease|x86.Build.0 = Prerelease|Any CPU
		{EF96ECF7-82EA-48B7-B33D-0BEA4DE58349}.Release|Any CPU.ActiveCfg = Release|x64
		{EF96ECF7-82EA-48B7-B33D-0BEA4DE58349}.Release|x64.ActiveCfg = Release|Any CPU
		{EF96ECF7-82EA-48B7-B33D-0BEA4DE58349}.Release|x64.Build.0 = Release|Any CPU
		{EF96ECF7-82EA-48B7-B33D-0BEA4DE58349}.Release|x86.ActiveCfg = Release|Any CPU
		{EF96ECF7-82EA-48B7-B33D-0BEA4DE58349}.Release|x86.Build.0 = Release|Any CPU
		{70445300-4409-447E-B1AC-10FA148B9DD0}.Debug|Any CPU.ActiveCfg = Debug|Any CPU
		{70445300-4409-447E-B1AC-10FA148B9DD0}.Debug|Any CPU.Build.0 = Debug|Any CPU
		{70445300-4409-447E-B1AC-10FA148B9DD0}.Debug|x64.ActiveCfg = Debug|Any CPU
		{70445300-4409-447E-B1AC-10FA148B9DD0}.Debug|x64.Build.0 = Debug|Any CPU
		{70445300-4409-447E-B1AC-10FA148B9DD0}.Debug|x86.ActiveCfg = Debug|Any CPU
		{70445300-4409-447E-B1AC-10FA148B9DD0}.Debug|x86.Build.0 = Debug|Any CPU
		{70445300-4409-447E-B1AC-10FA148B9DD0}.Prerelease|Any CPU.ActiveCfg = Release|Any CPU
		{70445300-4409-447E-B1AC-10FA148B9DD0}.Prerelease|Any CPU.Build.0 = Release|Any CPU
		{70445300-4409-447E-B1AC-10FA148B9DD0}.Prerelease|x64.ActiveCfg = Release|Any CPU
		{70445300-4409-447E-B1AC-10FA148B9DD0}.Prerelease|x64.Build.0 = Release|Any CPU
		{70445300-4409-447E-B1AC-10FA148B9DD0}.Prerelease|x86.ActiveCfg = Release|Any CPU
		{70445300-4409-447E-B1AC-10FA148B9DD0}.Prerelease|x86.Build.0 = Release|Any CPU
		{70445300-4409-447E-B1AC-10FA148B9DD0}.Release|Any CPU.ActiveCfg = Release|Any CPU
		{70445300-4409-447E-B1AC-10FA148B9DD0}.Release|Any CPU.Build.0 = Release|Any CPU
		{70445300-4409-447E-B1AC-10FA148B9DD0}.Release|x64.ActiveCfg = Release|Any CPU
		{70445300-4409-447E-B1AC-10FA148B9DD0}.Release|x64.Build.0 = Release|Any CPU
		{70445300-4409-447E-B1AC-10FA148B9DD0}.Release|x86.ActiveCfg = Release|Any CPU
		{70445300-4409-447E-B1AC-10FA148B9DD0}.Release|x86.Build.0 = Release|Any CPU
		{68A4EE77-DDF3-4E83-89C4-4473322D8006}.Debug|Any CPU.ActiveCfg = Debug|Any CPU
		{68A4EE77-DDF3-4E83-89C4-4473322D8006}.Debug|Any CPU.Build.0 = Debug|Any CPU
		{68A4EE77-DDF3-4E83-89C4-4473322D8006}.Debug|x64.ActiveCfg = Debug|Any CPU
		{68A4EE77-DDF3-4E83-89C4-4473322D8006}.Debug|x64.Build.0 = Debug|Any CPU
		{68A4EE77-DDF3-4E83-89C4-4473322D8006}.Debug|x86.ActiveCfg = Debug|Any CPU
		{68A4EE77-DDF3-4E83-89C4-4473322D8006}.Debug|x86.Build.0 = Debug|Any CPU
		{68A4EE77-DDF3-4E83-89C4-4473322D8006}.Prerelease|Any CPU.ActiveCfg = Release|Any CPU
		{68A4EE77-DDF3-4E83-89C4-4473322D8006}.Prerelease|Any CPU.Build.0 = Release|Any CPU
		{68A4EE77-DDF3-4E83-89C4-4473322D8006}.Prerelease|x64.ActiveCfg = Release|Any CPU
		{68A4EE77-DDF3-4E83-89C4-4473322D8006}.Prerelease|x64.Build.0 = Release|Any CPU
		{68A4EE77-DDF3-4E83-89C4-4473322D8006}.Prerelease|x86.ActiveCfg = Release|Any CPU
		{68A4EE77-DDF3-4E83-89C4-4473322D8006}.Prerelease|x86.Build.0 = Release|Any CPU
		{68A4EE77-DDF3-4E83-89C4-4473322D8006}.Release|Any CPU.ActiveCfg = Release|Any CPU
		{68A4EE77-DDF3-4E83-89C4-4473322D8006}.Release|Any CPU.Build.0 = Release|Any CPU
		{68A4EE77-DDF3-4E83-89C4-4473322D8006}.Release|x64.ActiveCfg = Release|Any CPU
		{68A4EE77-DDF3-4E83-89C4-4473322D8006}.Release|x64.Build.0 = Release|Any CPU
		{68A4EE77-DDF3-4E83-89C4-4473322D8006}.Release|x86.ActiveCfg = Release|Any CPU
		{68A4EE77-DDF3-4E83-89C4-4473322D8006}.Release|x86.Build.0 = Release|Any CPU
		{38FB420F-6C01-48AB-BC34-ECA5FC11EE61}.Debug|Any CPU.ActiveCfg = Debug|Any CPU
		{38FB420F-6C01-48AB-BC34-ECA5FC11EE61}.Debug|Any CPU.Build.0 = Debug|Any CPU
		{38FB420F-6C01-48AB-BC34-ECA5FC11EE61}.Debug|x64.ActiveCfg = Debug|Any CPU
		{38FB420F-6C01-48AB-BC34-ECA5FC11EE61}.Debug|x64.Build.0 = Debug|Any CPU
		{38FB420F-6C01-48AB-BC34-ECA5FC11EE61}.Debug|x86.ActiveCfg = Debug|Any CPU
		{38FB420F-6C01-48AB-BC34-ECA5FC11EE61}.Debug|x86.Build.0 = Debug|Any CPU
		{38FB420F-6C01-48AB-BC34-ECA5FC11EE61}.Prerelease|Any CPU.ActiveCfg = Release|Any CPU
		{38FB420F-6C01-48AB-BC34-ECA5FC11EE61}.Prerelease|x64.ActiveCfg = Release|Any CPU
		{38FB420F-6C01-48AB-BC34-ECA5FC11EE61}.Prerelease|x86.ActiveCfg = Release|Any CPU
		{38FB420F-6C01-48AB-BC34-ECA5FC11EE61}.Release|Any CPU.ActiveCfg = Release|Any CPU
		{38FB420F-6C01-48AB-BC34-ECA5FC11EE61}.Release|Any CPU.Build.0 = Release|Any CPU
		{38FB420F-6C01-48AB-BC34-ECA5FC11EE61}.Release|x64.ActiveCfg = Release|Any CPU
		{38FB420F-6C01-48AB-BC34-ECA5FC11EE61}.Release|x64.Build.0 = Release|Any CPU
		{38FB420F-6C01-48AB-BC34-ECA5FC11EE61}.Release|x86.ActiveCfg = Release|Any CPU
		{38FB420F-6C01-48AB-BC34-ECA5FC11EE61}.Release|x86.Build.0 = Release|Any CPU
		{0C1D15D2-D0E7-497B-8C3F-4CA7DE22F0D1}.Debug|Any CPU.ActiveCfg = Debug|Any CPU
		{0C1D15D2-D0E7-497B-8C3F-4CA7DE22F0D1}.Debug|Any CPU.Build.0 = Debug|Any CPU
		{0C1D15D2-D0E7-497B-8C3F-4CA7DE22F0D1}.Debug|x64.ActiveCfg = Debug|Any CPU
		{0C1D15D2-D0E7-497B-8C3F-4CA7DE22F0D1}.Debug|x64.Build.0 = Debug|Any CPU
		{0C1D15D2-D0E7-497B-8C3F-4CA7DE22F0D1}.Debug|x86.ActiveCfg = Debug|Any CPU
		{0C1D15D2-D0E7-497B-8C3F-4CA7DE22F0D1}.Debug|x86.Build.0 = Debug|Any CPU
		{0C1D15D2-D0E7-497B-8C3F-4CA7DE22F0D1}.Prerelease|Any CPU.ActiveCfg = Release|Any CPU
		{0C1D15D2-D0E7-497B-8C3F-4CA7DE22F0D1}.Prerelease|Any CPU.Build.0 = Release|Any CPU
		{0C1D15D2-D0E7-497B-8C3F-4CA7DE22F0D1}.Prerelease|x64.ActiveCfg = Release|Any CPU
		{0C1D15D2-D0E7-497B-8C3F-4CA7DE22F0D1}.Prerelease|x64.Build.0 = Release|Any CPU
		{0C1D15D2-D0E7-497B-8C3F-4CA7DE22F0D1}.Prerelease|x86.ActiveCfg = Release|Any CPU
		{0C1D15D2-D0E7-497B-8C3F-4CA7DE22F0D1}.Prerelease|x86.Build.0 = Release|Any CPU
		{0C1D15D2-D0E7-497B-8C3F-4CA7DE22F0D1}.Release|Any CPU.ActiveCfg = Release|Any CPU
		{0C1D15D2-D0E7-497B-8C3F-4CA7DE22F0D1}.Release|Any CPU.Build.0 = Release|Any CPU
		{0C1D15D2-D0E7-497B-8C3F-4CA7DE22F0D1}.Release|x64.ActiveCfg = Release|Any CPU
		{0C1D15D2-D0E7-497B-8C3F-4CA7DE22F0D1}.Release|x64.Build.0 = Release|Any CPU
		{0C1D15D2-D0E7-497B-8C3F-4CA7DE22F0D1}.Release|x86.ActiveCfg = Release|Any CPU
		{0C1D15D2-D0E7-497B-8C3F-4CA7DE22F0D1}.Release|x86.Build.0 = Release|Any CPU
		{14245B4D-477D-4B37-8AA2-0CC2E49A54CD}.Debug|Any CPU.ActiveCfg = Debug|Any CPU
		{14245B4D-477D-4B37-8AA2-0CC2E49A54CD}.Debug|x64.ActiveCfg = Debug|Any CPU
		{14245B4D-477D-4B37-8AA2-0CC2E49A54CD}.Debug|x86.ActiveCfg = Debug|Any CPU
		{14245B4D-477D-4B37-8AA2-0CC2E49A54CD}.Prerelease|Any CPU.ActiveCfg = Release|Any CPU
		{14245B4D-477D-4B37-8AA2-0CC2E49A54CD}.Prerelease|Any CPU.Build.0 = Release|Any CPU
		{14245B4D-477D-4B37-8AA2-0CC2E49A54CD}.Prerelease|x64.ActiveCfg = Release|Any CPU
		{14245B4D-477D-4B37-8AA2-0CC2E49A54CD}.Prerelease|x64.Build.0 = Release|Any CPU
		{14245B4D-477D-4B37-8AA2-0CC2E49A54CD}.Prerelease|x86.ActiveCfg = Release|Any CPU
		{14245B4D-477D-4B37-8AA2-0CC2E49A54CD}.Prerelease|x86.Build.0 = Release|Any CPU
		{14245B4D-477D-4B37-8AA2-0CC2E49A54CD}.Release|Any CPU.ActiveCfg = Release|Any CPU
		{14245B4D-477D-4B37-8AA2-0CC2E49A54CD}.Release|x64.ActiveCfg = Release|Any CPU
		{14245B4D-477D-4B37-8AA2-0CC2E49A54CD}.Release|x86.ActiveCfg = Release|Any CPU
		{AF72A63A-67B4-4975-81B3-6C9407AC8B3A}.Debug|Any CPU.ActiveCfg = Debug|Any CPU
		{AF72A63A-67B4-4975-81B3-6C9407AC8B3A}.Debug|Any CPU.Build.0 = Debug|Any CPU
		{AF72A63A-67B4-4975-81B3-6C9407AC8B3A}.Debug|x64.ActiveCfg = Debug|Any CPU
		{AF72A63A-67B4-4975-81B3-6C9407AC8B3A}.Debug|x64.Build.0 = Debug|Any CPU
		{AF72A63A-67B4-4975-81B3-6C9407AC8B3A}.Debug|x86.ActiveCfg = Debug|Any CPU
		{AF72A63A-67B4-4975-81B3-6C9407AC8B3A}.Debug|x86.Build.0 = Debug|Any CPU
		{AF72A63A-67B4-4975-81B3-6C9407AC8B3A}.Prerelease|Any CPU.ActiveCfg = Release|Any CPU
		{AF72A63A-67B4-4975-81B3-6C9407AC8B3A}.Prerelease|x64.ActiveCfg = Release|Any CPU
		{AF72A63A-67B4-4975-81B3-6C9407AC8B3A}.Prerelease|x86.ActiveCfg = Release|Any CPU
		{AF72A63A-67B4-4975-81B3-6C9407AC8B3A}.Release|Any CPU.ActiveCfg = Release|Any CPU
		{AF72A63A-67B4-4975-81B3-6C9407AC8B3A}.Release|Any CPU.Build.0 = Release|Any CPU
		{AF72A63A-67B4-4975-81B3-6C9407AC8B3A}.Release|x64.ActiveCfg = Release|Any CPU
		{AF72A63A-67B4-4975-81B3-6C9407AC8B3A}.Release|x64.Build.0 = Release|Any CPU
		{AF72A63A-67B4-4975-81B3-6C9407AC8B3A}.Release|x86.ActiveCfg = Release|Any CPU
		{AF72A63A-67B4-4975-81B3-6C9407AC8B3A}.Release|x86.Build.0 = Release|Any CPU
		{4082C087-A86C-4DFD-99C8-CEFA98C71FEA}.Debug|Any CPU.ActiveCfg = Debug|Any CPU
		{4082C087-A86C-4DFD-99C8-CEFA98C71FEA}.Debug|Any CPU.Build.0 = Debug|Any CPU
		{4082C087-A86C-4DFD-99C8-CEFA98C71FEA}.Debug|x64.ActiveCfg = Debug|Any CPU
		{4082C087-A86C-4DFD-99C8-CEFA98C71FEA}.Debug|x64.Build.0 = Debug|Any CPU
		{4082C087-A86C-4DFD-99C8-CEFA98C71FEA}.Debug|x86.ActiveCfg = Debug|Any CPU
		{4082C087-A86C-4DFD-99C8-CEFA98C71FEA}.Debug|x86.Build.0 = Debug|Any CPU
		{4082C087-A86C-4DFD-99C8-CEFA98C71FEA}.Prerelease|Any CPU.ActiveCfg = Debug|Any CPU
		{4082C087-A86C-4DFD-99C8-CEFA98C71FEA}.Prerelease|Any CPU.Build.0 = Debug|Any CPU
		{4082C087-A86C-4DFD-99C8-CEFA98C71FEA}.Prerelease|x64.ActiveCfg = Debug|Any CPU
		{4082C087-A86C-4DFD-99C8-CEFA98C71FEA}.Prerelease|x64.Build.0 = Debug|Any CPU
		{4082C087-A86C-4DFD-99C8-CEFA98C71FEA}.Prerelease|x86.ActiveCfg = Debug|Any CPU
		{4082C087-A86C-4DFD-99C8-CEFA98C71FEA}.Prerelease|x86.Build.0 = Debug|Any CPU
		{4082C087-A86C-4DFD-99C8-CEFA98C71FEA}.Release|Any CPU.ActiveCfg = Release|Any CPU
		{4082C087-A86C-4DFD-99C8-CEFA98C71FEA}.Release|Any CPU.Build.0 = Release|Any CPU
		{4082C087-A86C-4DFD-99C8-CEFA98C71FEA}.Release|x64.ActiveCfg = Release|Any CPU
		{4082C087-A86C-4DFD-99C8-CEFA98C71FEA}.Release|x64.Build.0 = Release|Any CPU
		{4082C087-A86C-4DFD-99C8-CEFA98C71FEA}.Release|x86.ActiveCfg = Release|Any CPU
		{4082C087-A86C-4DFD-99C8-CEFA98C71FEA}.Release|x86.Build.0 = Release|Any CPU
		{66DED4DB-897F-4A4F-BDC4-397D3D37C87D}.Debug|Any CPU.ActiveCfg = Debug|Any CPU
		{66DED4DB-897F-4A4F-BDC4-397D3D37C87D}.Debug|Any CPU.Build.0 = Debug|Any CPU
		{66DED4DB-897F-4A4F-BDC4-397D3D37C87D}.Debug|x64.ActiveCfg = Debug|Any CPU
		{66DED4DB-897F-4A4F-BDC4-397D3D37C87D}.Debug|x64.Build.0 = Debug|Any CPU
		{66DED4DB-897F-4A4F-BDC4-397D3D37C87D}.Debug|x86.ActiveCfg = Debug|Any CPU
		{66DED4DB-897F-4A4F-BDC4-397D3D37C87D}.Debug|x86.Build.0 = Debug|Any CPU
		{66DED4DB-897F-4A4F-BDC4-397D3D37C87D}.Prerelease|Any CPU.ActiveCfg = Debug|Any CPU
		{66DED4DB-897F-4A4F-BDC4-397D3D37C87D}.Prerelease|Any CPU.Build.0 = Debug|Any CPU
		{66DED4DB-897F-4A4F-BDC4-397D3D37C87D}.Prerelease|x64.ActiveCfg = Debug|Any CPU
		{66DED4DB-897F-4A4F-BDC4-397D3D37C87D}.Prerelease|x64.Build.0 = Debug|Any CPU
		{66DED4DB-897F-4A4F-BDC4-397D3D37C87D}.Prerelease|x86.ActiveCfg = Debug|Any CPU
		{66DED4DB-897F-4A4F-BDC4-397D3D37C87D}.Prerelease|x86.Build.0 = Debug|Any CPU
		{66DED4DB-897F-4A4F-BDC4-397D3D37C87D}.Release|Any CPU.ActiveCfg = Release|Any CPU
		{66DED4DB-897F-4A4F-BDC4-397D3D37C87D}.Release|Any CPU.Build.0 = Release|Any CPU
		{66DED4DB-897F-4A4F-BDC4-397D3D37C87D}.Release|x64.ActiveCfg = Release|Any CPU
		{66DED4DB-897F-4A4F-BDC4-397D3D37C87D}.Release|x64.Build.0 = Release|Any CPU
		{66DED4DB-897F-4A4F-BDC4-397D3D37C87D}.Release|x86.ActiveCfg = Release|Any CPU
		{66DED4DB-897F-4A4F-BDC4-397D3D37C87D}.Release|x86.Build.0 = Release|Any CPU
		{FF7277D4-32BE-44A8-A824-6057C8BC5BFE}.Debug|Any CPU.ActiveCfg = Debug|Any CPU
		{FF7277D4-32BE-44A8-A824-6057C8BC5BFE}.Debug|Any CPU.Build.0 = Debug|Any CPU
		{FF7277D4-32BE-44A8-A824-6057C8BC5BFE}.Debug|x64.ActiveCfg = Debug|Any CPU
		{FF7277D4-32BE-44A8-A824-6057C8BC5BFE}.Debug|x64.Build.0 = Debug|Any CPU
		{FF7277D4-32BE-44A8-A824-6057C8BC5BFE}.Debug|x86.ActiveCfg = Debug|Any CPU
		{FF7277D4-32BE-44A8-A824-6057C8BC5BFE}.Debug|x86.Build.0 = Debug|Any CPU
		{FF7277D4-32BE-44A8-A824-6057C8BC5BFE}.Prerelease|Any CPU.ActiveCfg = Debug|Any CPU
		{FF7277D4-32BE-44A8-A824-6057C8BC5BFE}.Prerelease|Any CPU.Build.0 = Debug|Any CPU
		{FF7277D4-32BE-44A8-A824-6057C8BC5BFE}.Prerelease|x64.ActiveCfg = Debug|Any CPU
		{FF7277D4-32BE-44A8-A824-6057C8BC5BFE}.Prerelease|x64.Build.0 = Debug|Any CPU
		{FF7277D4-32BE-44A8-A824-6057C8BC5BFE}.Prerelease|x86.ActiveCfg = Debug|Any CPU
		{FF7277D4-32BE-44A8-A824-6057C8BC5BFE}.Prerelease|x86.Build.0 = Debug|Any CPU
		{FF7277D4-32BE-44A8-A824-6057C8BC5BFE}.Release|Any CPU.ActiveCfg = Release|Any CPU
		{FF7277D4-32BE-44A8-A824-6057C8BC5BFE}.Release|Any CPU.Build.0 = Release|Any CPU
		{FF7277D4-32BE-44A8-A824-6057C8BC5BFE}.Release|x64.ActiveCfg = Release|Any CPU
		{FF7277D4-32BE-44A8-A824-6057C8BC5BFE}.Release|x64.Build.0 = Release|Any CPU
		{FF7277D4-32BE-44A8-A824-6057C8BC5BFE}.Release|x86.ActiveCfg = Release|Any CPU
		{FF7277D4-32BE-44A8-A824-6057C8BC5BFE}.Release|x86.Build.0 = Release|Any CPU
		{CBD0AE67-F6E5-4659-8FB0-3BA57706088C}.Debug|Any CPU.ActiveCfg = Debug|Any CPU
		{CBD0AE67-F6E5-4659-8FB0-3BA57706088C}.Debug|Any CPU.Build.0 = Debug|Any CPU
		{CBD0AE67-F6E5-4659-8FB0-3BA57706088C}.Debug|x64.ActiveCfg = Debug|Any CPU
		{CBD0AE67-F6E5-4659-8FB0-3BA57706088C}.Debug|x64.Build.0 = Debug|Any CPU
		{CBD0AE67-F6E5-4659-8FB0-3BA57706088C}.Debug|x86.ActiveCfg = Debug|Any CPU
		{CBD0AE67-F6E5-4659-8FB0-3BA57706088C}.Debug|x86.Build.0 = Debug|Any CPU
		{CBD0AE67-F6E5-4659-8FB0-3BA57706088C}.Prerelease|Any CPU.ActiveCfg = Debug|Any CPU
		{CBD0AE67-F6E5-4659-8FB0-3BA57706088C}.Prerelease|Any CPU.Build.0 = Debug|Any CPU
		{CBD0AE67-F6E5-4659-8FB0-3BA57706088C}.Prerelease|x64.ActiveCfg = Debug|Any CPU
		{CBD0AE67-F6E5-4659-8FB0-3BA57706088C}.Prerelease|x64.Build.0 = Debug|Any CPU
		{CBD0AE67-F6E5-4659-8FB0-3BA57706088C}.Prerelease|x86.ActiveCfg = Debug|Any CPU
		{CBD0AE67-F6E5-4659-8FB0-3BA57706088C}.Prerelease|x86.Build.0 = Debug|Any CPU
		{CBD0AE67-F6E5-4659-8FB0-3BA57706088C}.Release|Any CPU.ActiveCfg = Release|Any CPU
		{CBD0AE67-F6E5-4659-8FB0-3BA57706088C}.Release|Any CPU.Build.0 = Release|Any CPU
		{CBD0AE67-F6E5-4659-8FB0-3BA57706088C}.Release|x64.ActiveCfg = Release|Any CPU
		{CBD0AE67-F6E5-4659-8FB0-3BA57706088C}.Release|x64.Build.0 = Release|Any CPU
		{CBD0AE67-F6E5-4659-8FB0-3BA57706088C}.Release|x86.ActiveCfg = Release|Any CPU
		{CBD0AE67-F6E5-4659-8FB0-3BA57706088C}.Release|x86.Build.0 = Release|Any CPU
	EndGlobalSection
	GlobalSection(SolutionProperties) = preSolution
		HideSolutionNode = FALSE
	EndGlobalSection
	GlobalSection(NestedProjects) = preSolution
		{A6A6AF7D-D6E3-442D-9B1E-58CC91879BE1} = {BF60BC93-E09B-4E5F-9D85-95A519479D54}
		{D2A8AD2E-0450-4E23-8488-06F19DF7882D} = {A31200B4-FBF1-474E-A17E-973E000C64C1}
		{D4857397-4D03-4E25-9332-979BF22E9BB2} = {A31200B4-FBF1-474E-A17E-973E000C64C1}
		{EF96ECF7-82EA-48B7-B33D-0BEA4DE58349} = {A31200B4-FBF1-474E-A17E-973E000C64C1}
		{38FB420F-6C01-48AB-BC34-ECA5FC11EE61} = {A31200B4-FBF1-474E-A17E-973E000C64C1}
		{0C1D15D2-D0E7-497B-8C3F-4CA7DE22F0D1} = {ED8079DD-2B06-4030-9F0F-DC548F98E1C4}
		{AF72A63A-67B4-4975-81B3-6C9407AC8B3A} = {A31200B4-FBF1-474E-A17E-973E000C64C1}
		{2D8B4B89-EB29-462E-B5FE-45A21E73FF8B} = {A6A6AF7D-D6E3-442D-9B1E-58CC91879BE1}
		{FB2D7CAF-0D1E-451D-B61F-534C6E81C1B4} = {A6A6AF7D-D6E3-442D-9B1E-58CC91879BE1}
		{4082C087-A86C-4DFD-99C8-CEFA98C71FEA} = {ED8079DD-2B06-4030-9F0F-DC548F98E1C4}
		{A31200B4-FBF1-474E-A17E-973E000C64C1} = {ED8079DD-2B06-4030-9F0F-DC548F98E1C4}
		{66DED4DB-897F-4A4F-BDC4-397D3D37C87D} = {ED8079DD-2B06-4030-9F0F-DC548F98E1C4}
		{FF7277D4-32BE-44A8-A824-6057C8BC5BFE} = {A31200B4-FBF1-474E-A17E-973E000C64C1}
		{CBD0AE67-F6E5-4659-8FB0-3BA57706088C} = {ED8079DD-2B06-4030-9F0F-DC548F98E1C4}
	EndGlobalSection
	GlobalSection(ExtensibilityGlobals) = postSolution
		SolutionGuid = {70B77C15-F13A-4AFD-891C-D7857FE8FD18}
	EndGlobalSection
	GlobalSection(Performance) = preSolution
		HasPerformanceSessions = true
	EndGlobalSection
	GlobalSection(Performance) = preSolution
		HasPerformanceSessions = true
	EndGlobalSection
	GlobalSection(Performance) = preSolution
		HasPerformanceSessions = true
	EndGlobalSection
EndGlobal
